<?xml version="1.0" encoding="UTF-8"?>
<CONFIG>
  <ProjectOptions>
    <Version Value="12"/>
    <General>
      <AutoCreateForms Value="False"/>
      <Title Value="XY-Plot"/>
      <Scaled Value="True"/>
      <ResourceType Value="res"/>
      <UseXPManifest Value="True"/>
      <XPManifest>
        <DpiAware Value="True"/>
      </XPManifest>
      <Icon Value="0"/>
    </General>
    <BuildModes Active="Debug">
      <Item Name="Release" Default="True"/>
      <Item Name="Debug">
        <CompilerOptions>
          <Version Value="11"/>
          <Target>
            <Filename Value="build/xyplotdbg"/>
          </Target>
          <SearchPaths>
            <IncludeFiles Value="$(ProjOutDir);src"/>
            <OtherUnitFiles Value="src"/>
            <UnitOutputDirectory Value="build/lib"/>
          </SearchPaths>
          <Parsing>
            <SyntaxOptions>
              <CStyleOperator Value="False"/>
              <AllowLabel Value="False"/>
              <CPPInline Value="False"/>
              <UseAnsiStrings Value="False"/>
            </SyntaxOptions>
          </Parsing>
          <CodeGeneration>
            <Optimizations>
              <OptimizationLevel Value="0"/>
            </Optimizations>
          </CodeGeneration>
          <Linking>
            <Debugging>
              <UseHeaptrc Value="True"/>
            </Debugging>
          </Linking>
        </CompilerOptions>
      </Item>
    </BuildModes>
    <ManyBuildModesSelection Value="Release,Debug"/>
    <PublishOptions>
      <Version Value="2"/>
    </PublishOptions>
    <RunParams>
      <FormatVersion Value="2"/>
      <Modes>
        <Mode Name="default"/>
      </Modes>
    </RunParams>
    <RequiredPackages>
      <Item>
        <PackageName Value="LazControls"/>
      </Item>
      <Item>
        <PackageName Value="bgracontrols"/>
      </Item>
      <Item>
        <PackageName Value="BGRABitmapPack"/>
      </Item>
      <Item>
        <PackageName Value="LCL"/>
      </Item>
    </RequiredPackages>
    <Units>
      <Unit>
        <Filename Value="xyplot.pas"/>
        <IsPartOfProject Value="True"/>
        <IsVisibleTab Value="True"/>
        <TopLine Value="10"/>
        <CursorPos Y="47"/>
        <UsageCount Value="200"/>
        <Loaded Value="True"/>
      </Unit>
      <Unit>
        <Filename Value="src/propertiesfrm.pas"/>
        <ComponentName Value="propertiesform"/>
        <HasResources Value="True"/>
        <ResourceBaseClass Value="Form"/>
        <EditorIndex Value="-1"/>
        <TopLine Value="11"/>
        <CursorPos X="64" Y="20"/>
        <UsageCount Value="157"/>
      </Unit>
      <Unit>
        <Filename Value="src/vpcoder.pas"/>
        <EditorIndex Value="-1"/>
        <CursorPos X="6" Y="24"/>
        <UsageCount Value="101"/>
      </Unit>
      <Unit>
        <Filename Value="src/view.pas"/>
        <ComponentName Value="previewform"/>
        <HasResources Value="True"/>
        <ResourceBaseClass Value="Form"/>
        <EditorIndex Value="-1"/>
        <TopLine Value="15"/>
        <CursorPos X="33" Y="43"/>
        <UsageCount Value="3"/>
      </Unit>
      <Unit>
        <Filename Value="../fpc/source/rtl/inc/mathh.inc"/>
        <EditorIndex Value="-1"/>
        <TopLine Value="72"/>
        <CursorPos X="14" Y="98"/>
        <UsageCount Value="1"/>
      </Unit>
      <Unit>
        <Filename Value="../../lazarus/lcl/controls.pp"/>
        <UnitName Value="Controls"/>
        <EditorIndex Value="-1"/>
        <TopLine Value="2300"/>
        <CursorPos X="14" Y="2321"/>
        <UsageCount Value="1"/>
      </Unit>
      <Unit>
        <Filename Value="../../fpc/source/packages/fcl-image/src/fpcanvas.pp"/>
        <UnitName Value="FPCanvas"/>
        <EditorIndex Value="-1"/>
        <TopLine Value="327"/>
        <CursorPos X="15" Y="347"/>
        <UsageCount Value="1"/>
      </Unit>
      <Unit>
        <Filename Value="../../lazarus/lcl/extctrls.pp"/>
        <UnitName Value="ExtCtrls"/>
        <EditorIndex Value="-1"/>
        <TopLine Value="429"/>
        <CursorPos X="14" Y="447"/>
        <UsageCount Value="1"/>
      </Unit>
      <Unit>
        <Filename Value="src/wiringpi.pas"/>
        <EditorIndex Value="-1"/>
        <TopLine Value="137"/>
        <CursorPos X="94" Y="164"/>
        <UsageCount Value="5"/>
      </Unit>
      <Unit>
        <Filename Value="build/arm-linux/lib/main.lrs"/>
        <EditorIndex Value="-1"/>
        <UsageCount Value="1"/>
      </Unit>
      <Unit>
        <Filename Value="src/initfrm.pas"/>
        <ComponentName Value="initform"/>
        <HasResources Value="True"/>
        <ResourceBaseClass Value="Form"/>
        <EditorIndex Value="-1"/>
        <CursorPos X="43" Y="21"/>
        <UsageCount Value="3"/>
      </Unit>
      <Unit>
        <Filename Value="src/gcodewriter.pas"/>
        <EditorIndex Value="-1"/>
        <FoldState Value=" T0jK624c"/>
        <UsageCount Value="43"/>
      </Unit>
      <Unit>
        <Filename Value="src/xypdriver.pas"/>
        <IsPartOfProject Value="True"/>
        <EditorIndex Value="5"/>
        <TopLine Value="311"/>
        <CursorPos X="45" Y="43"/>
        <UsageCount Value="200"/>
        <Loaded Value="True"/>
      </Unit>
      <Unit>
        <Filename Value="src/xypsetting.pas"/>
        <IsPartOfProject Value="True"/>
        <EditorIndex Value="12"/>
        <TopLine Value="139"/>
        <CursorPos X="78" Y="78"/>
        <UsageCount Value="200"/>
        <Loaded Value="True"/>
      </Unit>
      <Unit>
        <Filename Value="../lazarus/components/fpvectorial/dxfvectorialreader.pas"/>
        <EditorIndex Value="-1"/>
        <TopLine Value="1146"/>
        <CursorPos Y="1191"/>
        <UsageCount Value="1"/>
      </Unit>
      <Unit>
        <Filename Value="src/viewfrm.pas"/>
        <ComponentName Value="viewform"/>
        <HasResources Value="True"/>
        <ResourceBaseClass Value="Form"/>
        <EditorIndex Value="-1"/>
        <TopLine Value="17"/>
        <CursorPos X="37" Y="23"/>
        <UsageCount Value="7"/>
      </Unit>
      <Unit>
        <Filename Value="src/xyppaths.pas"/>
        <IsPartOfProject Value="True"/>
        <EditorIndex Value="4"/>
        <TopLine Value="508"/>
        <CursorPos X="40" Y="244"/>
        <UsageCount Value="200"/>
        <Loaded Value="True"/>
      </Unit>
      <Unit>
        <Filename Value="src/aboutfrm.pas"/>
        <IsPartOfProject Value="True"/>
        <ComponentName Value="taboutform"/>
        <HasResources Value="True"/>
        <ResourceBaseClass Value="Form"/>
        <EditorIndex Value="-1"/>
        <CursorPos X="63" Y="8"/>
        <UsageCount Value="200"/>
      </Unit>
      <Unit>
        <Filename Value="src/vpsketch.pas"/>
        <EditorIndex Value="-1"/>
        <CursorPos X="45" Y="6"/>
        <UsageCount Value="101"/>
      </Unit>
      <Unit>
        <Filename Value="src/xypmath.pas"/>
        <IsPartOfProject Value="True"/>
        <EditorIndex Value="3"/>
        <TopLine Value="48"/>
        <CursorPos X="11" Y="67"/>
        <UsageCount Value="200"/>
        <Loaded Value="True"/>
      </Unit>
      <Unit>
        <Filename Value="src/pltwave.pas"/>
        <EditorIndex Value="-1"/>
        <CursorPos X="28" Y="164"/>
        <UsageCount Value="168"/>
      </Unit>
      <Unit>
        <Filename Value="../lazarus/lcl/graphics.pp"/>
        <UnitName Value="Graphics"/>
        <EditorIndex Value="-1"/>
        <TopLine Value="103"/>
        <CursorPos X="5" Y="130"/>
        <UsageCount Value="7"/>
      </Unit>
      <Unit>
        <Filename Value="../fpc/source/rtl/objpas/sysutils/sysstrh.inc"/>
        <EditorIndex Value="-1"/>
        <TopLine Value="90"/>
        <CursorPos X="10" Y="114"/>
        <UsageCount Value="1"/>
      </Unit>
      <Unit>
        <Filename Value="../lazarus/components/aggpas/src/agg_curves.pas"/>
        <EditorIndex Value="-1"/>
        <TopLine Value="31"/>
        <CursorPos X="23" Y="2"/>
        <UsageCount Value="1"/>
      </Unit>
      <Unit>
        <Filename Value="src/vpgcode.pas"/>
        <EditorIndex Value="-1"/>
        <TopLine Value="25"/>
        <CursorPos X="26" Y="4"/>
        <UsageCount Value="7"/>
      </Unit>
      <Unit>
        <Filename Value="src/pltdxfreader.pas"/>
        <EditorIndex Value="-1"/>
        <TopLine Value="617"/>
        <CursorPos X="14" Y="655"/>
        <UsageCount Value="200"/>
      </Unit>
      <Unit>
        <Filename Value="src/sketchyimage.pas"/>
        <EditorIndex Value="-1"/>
        <TopLine Value="241"/>
        <CursorPos X="62" Y="258"/>
        <UsageCount Value="29"/>
      </Unit>
      <Unit>
        <Filename Value="../../.lazarus/onlinepackagemanager/packages/bgrabitmap-master/bgrabitmap/bgravectorize.pas"/>
        <UnitName Value="BGRAVectorize"/>
        <EditorIndex Value="-1"/>
        <TopLine Value="25"/>
        <CursorPos X="3" Y="36"/>
        <UsageCount Value="5"/>
      </Unit>
      <Unit>
        <Filename Value="src/calibrationfrm.pas"/>
        <ComponentName Value="calibrationform"/>
        <HasResources Value="True"/>
        <ResourceBaseClass Value="Form"/>
        <EditorIndex Value="-1"/>
        <TopLine Value="4"/>
        <CursorPos Y="67"/>
        <UsageCount Value="64"/>
      </Unit>
      <Unit>
        <Filename Value="src/scalefrm.pas"/>
        <ComponentName Value="scaleform"/>
        <HasResources Value="True"/>
        <ResourceBaseClass Value="Form"/>
        <EditorIndex Value="-1"/>
        <CursorPos X="26" Y="4"/>
        <UsageCount Value="69"/>
      </Unit>
      <Unit>
        <Filename Value="src/offsetfrm.pas"/>
        <ComponentName Value="offsetform"/>
        <HasResources Value="True"/>
        <ResourceBaseClass Value="Form"/>
        <EditorIndex Value="-1"/>
        <CursorPos X="37" Y="30"/>
        <UsageCount Value="68"/>
      </Unit>
      <Unit>
        <Filename Value="src/pagefrm.pas"/>
        <ComponentName Value="pageform"/>
        <HasResources Value="True"/>
        <ResourceBaseClass Value="Form"/>
        <EditorIndex Value="-1"/>
        <TopLine Value="62"/>
        <CursorPos X="50" Y="80"/>
        <UsageCount Value="5"/>
      </Unit>
      <Unit>
        <Filename Value="src/mainfrm.lfm"/>
        <ComponentName Value="tmainform"/>
        <HasResources Value="True"/>
        <ResourceBaseClass Value="Form"/>
        <EditorIndex Value="-1"/>
        <TopLine Value="194"/>
        <CursorPos X="34" Y="204"/>
        <UsageCount Value="10"/>
        <DefaultSyntaxHighlighter Value="LFM"/>
      </Unit>
      <Unit>
        <Filename Value="src/aboutfrm.lfm"/>
        <EditorIndex Value="-1"/>
        <CursorPos X="32" Y="10"/>
        <UsageCount Value="1"/>
        <DefaultSyntaxHighlighter Value="LFM"/>
      </Unit>
      <Unit>
        <Filename Value="src/xypsvgreader.pas"/>
        <IsPartOfProject Value="True"/>
        <EditorIndex Value="11"/>
        <CursorPos X="49" Y="21"/>
        <UsageCount Value="200"/>
        <Loaded Value="True"/>
      </Unit>
      <Unit>
        <Filename Value="src/vpdriverthread.pas"/>
        <EditorIndex Value="-1"/>
        <TopLine Value="9"/>
        <CursorPos Y="35"/>
        <UsageCount Value="42"/>
      </Unit>
      <Unit>
        <Filename Value="src/vpsrvsetting.pas"/>
        <EditorIndex Value="-1"/>
        <TopLine Value="12"/>
        <CursorPos Y="51"/>
        <UsageCount Value="1"/>
      </Unit>
      <Unit>
        <Filename Value="src/importfrm.pas"/>
        <ComponentName Value="importform"/>
        <HasResources Value="True"/>
        <ResourceBaseClass Value="Form"/>
        <EditorIndex Value="8"/>
        <CursorPos X="21" Y="4"/>
        <UsageCount Value="173"/>
        <Loaded Value="True"/>
      </Unit>
      <Unit>
        <Filename Value="src/xypsketcher.pas"/>
        <EditorIndex Value="9"/>
        <CursorPos X="23" Y="363"/>
        <UsageCount Value="100"/>
        <Loaded Value="True"/>
      </Unit>
      <Unit>
        <Filename Value="src/mainfrm.pas"/>
        <IsPartOfProject Value="True"/>
        <ComponentName Value="tmainform"/>
        <HasResources Value="True"/>
        <ResourceBaseClass Value="Form"/>
        <EditorIndex Value="1"/>
        <TopLine Value="776"/>
        <CursorPos X="38" Y="771"/>
        <UsageCount Value="200"/>
        <Loaded Value="True"/>
        <LoadedDesigner Value="True"/>
      </Unit>
      <Unit>
        <Filename Value="usr/share/fpcsrc/3.0.4/packages/numlib/src/numlib.pas"/>
        <UnitName Value="NumLib"/>
        <EditorIndex Value="-1"/>
        <TopLine Value="12"/>
        <UsageCount Value="5"/>
      </Unit>
      <Unit>
        <Filename Value="usr/share/fpcsrc/3.0.4/packages/numlib/src/typ.pas"/>
        <EditorIndex Value="-1"/>
        <TopLine Value="154"/>
        <UsageCount Value="5"/>
      </Unit>
      <Unit>
        <Filename Value="src/layoutfrm.pas"/>
        <ComponentName Value="layoutform"/>
        <HasResources Value="True"/>
        <ResourceBaseClass Value="Form"/>
        <EditorIndex Value="-1"/>
        <TopLine Value="11"/>
        <CursorPos X="56" Y="16"/>
        <UsageCount Value="59"/>
      </Unit>
      <Unit>
        <Filename Value="FPC/3.0.4/source/rtl/inc/typshrdh.inc"/>
        <EditorIndex Value="-1"/>
        <TopLine Value="129"/>
        <CursorPos X="19" Y="158"/>
        <UsageCount Value="1"/>
      </Unit>
      <Unit>
        <Filename Value="src/vpsetup.pas"/>
        <EditorIndex Value="-1"/>
        <CursorPos Y="31"/>
        <UsageCount Value="4"/>
      </Unit>
      <Unit>
        <Filename Value="src/xypserial.pas"/>
        <EditorIndex Value="6"/>
        <TopLine Value="130"/>
        <CursorPos X="33" Y="131"/>
        <UsageCount Value="83"/>
        <Loaded Value="True"/>
      </Unit>
      <Unit>
        <Filename Value="../../.lazarus/onlinepackagemanager/packages/LazSerial/lazserial.pas"/>
        <UnitName Value="LazSerial"/>
        <EditorIndex Value="-1"/>
        <CursorPos X="54" Y="156"/>
        <UsageCount Value="5"/>
      </Unit>
      <Unit>
        <Filename Value="usr/share/fpcsrc/3.0.4/packages/rtl-extra/src/unix/serial.pp"/>
        <UnitName Value="Serial"/>
        <EditorIndex Value="-1"/>
        <CursorPos X="42" Y="10"/>
        <UsageCount Value="1"/>
      </Unit>
      <Unit>
        <Filename Value="src/xyputils.pas"/>
        <IsPartOfProject Value="True"/>
        <EditorIndex Value="2"/>
        <TopLine Value="38"/>
        <CursorPos X="22" Y="45"/>
        <UsageCount Value="200"/>
        <Loaded Value="True"/>
      </Unit>
      <Unit>
        <Filename Value="/FPC/3.0.4/source/rtl/win/wininc/redef.inc"/>
        <EditorIndex Value="-1"/>
        <TopLine Value="121"/>
        <CursorPos X="3" Y="21"/>
        <UsageCount Value="5"/>
      </Unit>
      <Unit>
        <Filename Value="/FPC/3.0.4/source/rtl/win/wininc/func.inc"/>
        <EditorIndex Value="-1"/>
        <TopLine Value="161"/>
        <CursorPos X="10" Y="180"/>
        <UsageCount Value="5"/>
      </Unit>
      <Unit>
        <Filename Value="/FPC/3.0.4/source/rtl/win/wininc/struct.inc"/>
        <EditorIndex Value="-1"/>
        <TopLine Value="802"/>
        <CursorPos X="6" Y="802"/>
        <UsageCount Value="5"/>
      </Unit>
      <Unit>
        <Filename Value="/FPC/3.0.4/source/rtl/objpas/classes/classesh.inc"/>
        <EditorIndex Value="-1"/>
        <TopLine Value="948"/>
        <CursorPos X="14" Y="968"/>
        <UsageCount Value="1"/>
      </Unit>
      <Unit>
        <Filename Value="/FPC/3.0.4/source/rtl/inc/systemh.inc"/>
        <EditorIndex Value="-1"/>
        <TopLine Value="722"/>
        <CursorPos X="11" Y="741"/>
        <UsageCount Value="10"/>
      </Unit>
      <Unit>
        <Filename Value="/usr/share/fpcsrc/3.0.4/rtl/objpas/classes/classesh.inc"/>
        <EditorIndex Value="-1"/>
        <TopLine Value="1584"/>
        <CursorPos X="21" Y="1688"/>
        <UsageCount Value="5"/>
      </Unit>
      <Unit>
        <Filename Value="/usr/share/fpcsrc/3.0.4/rtl/objpas/classes/classes.inc"/>
        <EditorIndex Value="-1"/>
        <TopLine Value="600"/>
        <CursorPos X="3" Y="602"/>
        <UsageCount Value="4"/>
      </Unit>
      <Unit>
        <Filename Value="/usr/share/fpcsrc/3.0.4/rtl/objpas/sysutils/osutilsh.inc"/>
        <EditorIndex Value="-1"/>
        <CursorPos X="16" Y="30"/>
        <UsageCount Value="4"/>
      </Unit>
      <Unit>
        <Filename Value="/usr/share/fpcsrc/3.0.4/rtl/unix/sysutils.pp"/>
        <EditorIndex Value="-1"/>
        <TopLine Value="1435"/>
        <CursorPos X="140" Y="1467"/>
        <UsageCount Value="4"/>
      </Unit>
      <Unit>
        <Filename Value="/usr/share/fpcsrc/3.0.4/rtl/unix/bunxh.inc"/>
        <EditorIndex Value="-1"/>
        <TopLine Value="75"/>
        <CursorPos X="15" Y="98"/>
        <UsageCount Value="5"/>
      </Unit>
      <Unit>
        <Filename Value="/usr/share/fpcsrc/3.0.4/packages/rtl-extra/src/unix/serial.pp"/>
        <UnitName Value="Serial"/>
        <EditorIndex Value="-1"/>
        <TopLine Value="288"/>
        <CursorPos X="3" Y="330"/>
        <UsageCount Value="5"/>
      </Unit>
      <Unit>
        <Filename Value="/usr/share/fpcsrc/3.0.4/packages/rtl-objpas/src/inc/dateutil.inc"/>
        <EditorIndex Value="-1"/>
        <TopLine Value="243"/>
        <CursorPos X="10" Y="263"/>
        <UsageCount Value="5"/>
      </Unit>
      <Unit>
        <Filename Value="/usr/share/fpcsrc/3.0.4/rtl/unix/aliasptp.inc"/>
        <EditorIndex Value="-1"/>
        <TopLine Value="8"/>
        <CursorPos X="5" Y="26"/>
        <UsageCount Value="5"/>
      </Unit>
      <Unit>
        <Filename Value="../lazarus/lcl/stdctrls.pp"/>
        <UnitName Value="StdCtrls"/>
        <EditorIndex Value="-1"/>
        <TopLine Value="386"/>
        <CursorPos X="14" Y="405"/>
        <UsageCount Value="5"/>
      </Unit>
      <Unit>
        <Filename Value="/usr/share/fpcsrc/3.0.4/rtl/unix/bunxovlh.inc"/>
        <EditorIndex Value="-1"/>
        <CursorPos X="112" Y="28"/>
        <UsageCount Value="5"/>
      </Unit>
      <Unit>
        <Filename Value="/usr/share/fpcsrc/3.0.4/rtl/objpas/classes/streams.inc"/>
        <EditorIndex Value="-1"/>
        <TopLine Value="605"/>
        <CursorPos X="3" Y="608"/>
        <UsageCount Value="5"/>
      </Unit>
      <Unit>
        <Filename Value="/usr/share/fpcsrc/3.0.4/rtl/objpas/sysutils/sysstrh.inc"/>
        <EditorIndex Value="-1"/>
        <TopLine Value="89"/>
        <CursorPos X="10" Y="109"/>
        <UsageCount Value="5"/>
      </Unit>
      <Unit>
        <Filename Value="/FPC/3.0.4/source/rtl/objpas/sysutils/sysutilh.inc"/>
        <EditorIndex Value="-1"/>
        <TopLine Value="4"/>
        <CursorPos X="10" Y="28"/>
        <UsageCount Value="5"/>
      </Unit>
      <Unit>
        <Filename Value="/usr/share/fpcsrc/3.0.4/rtl/objpas/sysutils/sysinth.inc"/>
        <EditorIndex Value="-1"/>
        <TopLine Value="20"/>
        <CursorPos X="5" Y="37"/>
        <UsageCount Value="5"/>
      </Unit>
      <Unit>
        <Filename Value="/usr/share/fpcsrc/3.0.4/packages/fcl-base/src/inifiles.pp"/>
        <UnitName Value="IniFiles"/>
        <EditorIndex Value="-1"/>
        <TopLine Value="120"/>
        <CursorPos X="98" Y="142"/>
        <UsageCount Value="5"/>
      </Unit>
      <Unit>
        <Filename Value="src/reportfrm.pas"/>
        <ComponentName Value="reportform"/>
        <HasResources Value="True"/>
        <ResourceBaseClass Value="Form"/>
        <EditorIndex Value="-1"/>
        <CursorPos X="35" Y="3"/>
        <UsageCount Value="108"/>
      </Unit>
      <Unit>
        <Filename Value="src/checkfrm.pas"/>
        <ComponentName Value="checkform"/>
        <HasResources Value="True"/>
        <ResourceBaseClass Value="Form"/>
        <EditorIndex Value="-1"/>
        <TopLine Value="80"/>
        <CursorPos X="63" Y="99"/>
        <UsageCount Value="58"/>
      </Unit>
      <Unit>
        <Filename Value="src/settingfrm.pas"/>
        <ComponentName Value="settingform"/>
        <HasResources Value="True"/>
        <ResourceBaseClass Value="Form"/>
        <EditorIndex Value="-1"/>
        <TopLine Value="10"/>
        <CursorPos X="17" Y="14"/>
        <UsageCount Value="185"/>
      </Unit>
      <Unit>
        <Filename Value="../../../../FPC/3.0.4/source/packages/rtl-extra/src/win/serial.pp"/>
        <UnitName Value="Serial"/>
        <EditorIndex Value="-1"/>
        <TopLine Value="44"/>
        <CursorPos X="10" Y="63"/>
        <UsageCount Value="1"/>
      </Unit>
      <Unit>
        <Filename Value="src/vpoptimizer.pas"/>
        <EditorIndex Value="-1"/>
        <TopLine Value="303"/>
        <CursorPos X="56" Y="458"/>
        <FoldState Value=" T3k5073741221F"/>
        <UsageCount Value="6"/>
      </Unit>
      <Unit>
        <Filename Value="../../../../FPC/3.0.4/source/rtl/objpas/classes/classesh.inc"/>
        <EditorIndex Value="-1"/>
        <TopLine Value="841"/>
        <CursorPos X="22" Y="861"/>
        <UsageCount Value="3"/>
      </Unit>
      <Unit>
        <Filename Value="../../../AppData/Local/lazarus/onlinepackagemanager/packages/bgrabitmap-master/bgrabitmap/bgrapath.pas"/>
        <UnitName Value="BGRAPath"/>
        <EditorIndex Value="-1"/>
        <TopLine Value="213"/>
        <CursorPos X="15" Y="232"/>
        <UsageCount Value="6"/>
      </Unit>
      <Unit>
        <Filename Value="../../../AppData/Local/lazarus/onlinepackagemanager/packages/bgrabitmap-master/bgrabitmap/geometrytypes.inc"/>
        <EditorIndex Value="-1"/>
        <CursorPos X="3" Y="19"/>
        <UsageCount Value="6"/>
      </Unit>
      <Unit>
        <Filename Value="../../../../FPC/3.0.4/source/rtl/objpas/types.pp"/>
        <UnitName Value="Types"/>
        <EditorIndex Value="-1"/>
        <TopLine Value="82"/>
        <CursorPos X="3" Y="92"/>
        <UsageCount Value="10"/>
      </Unit>
      <Unit>
        <Filename Value="../../../../FPC/3.0.4/source/rtl/objpas/fgl.pp"/>
        <EditorIndex Value="-1"/>
        <TopLine Value="95"/>
        <CursorPos X="11" Y="114"/>
        <UsageCount Value="4"/>
      </Unit>
      <Unit>
        <Filename Value="src/xypoptimizer.pas"/>
        <EditorIndex Value="7"/>
        <CursorPos X="50" Y="14"/>
        <UsageCount Value="101"/>
        <Loaded Value="True"/>
      </Unit>
      <Unit>
        <Filename Value="../../../AppData/Local/lazarus/onlinepackagemanager/packages/bgrabitmap-master/bgrabitmap/bgrapixel.inc"/>
        <EditorIndex Value="-1"/>
        <TopLine Value="151"/>
        <CursorPos X="10" Y="174"/>
        <UsageCount Value="6"/>
      </Unit>
      <Unit>
        <Filename Value="../../../../FPC/3.0.4/source/packages/fcl-base/src/avl_tree.pp"/>
        <UnitName Value="AVL_Tree"/>
        <EditorIndex Value="-1"/>
        <TopLine Value="96"/>
        <CursorPos X="64" Y="99"/>
        <UsageCount Value="3"/>
      </Unit>
      <Unit>
        <Filename Value="src/xypdebug.pas"/>
        <EditorIndex Value="-1"/>
        <TopLine Value="19"/>
        <CursorPos X="3" Y="37"/>
        <UsageCount Value="188"/>
      </Unit>
      <Unit>
        <Filename Value="src/logfrm.pas"/>
        <HasResources Value="True"/>
        <EditorIndex Value="-1"/>
        <CursorPos X="15"/>
        <UsageCount Value="2"/>
      </Unit>
      <Unit>
        <Filename Value="src/debugfrm.pas"/>
        <ComponentName Value="debugform"/>
        <HasResources Value="True"/>
        <ResourceBaseClass Value="Form"/>
        <EditorIndex Value="-1"/>
        <TopLine Value="11"/>
        <CursorPos X="15" Y="18"/>
        <UsageCount Value="186"/>
      </Unit>
      <Unit>
        <Filename Value="../../../../FPC/3.0.4/source/rtl/objpas/classes/streams.inc"/>
        <EditorIndex Value="-1"/>
        <TopLine Value="59"/>
        <CursorPos X="8" Y="65"/>
        <UsageCount Value="3"/>
      </Unit>
      <Unit>
        <Filename Value="../../../Documenti/github/lazarus/lcl/dialogs.pp"/>
        <UnitName Value="Dialogs"/>
        <EditorIndex Value="-1"/>
        <TopLine Value="680"/>
        <CursorPos X="20" Y="699"/>
        <UsageCount Value="4"/>
      </Unit>
      <Unit>
        <Filename Value="../../../Documenti/github/lazarus/components/lazutils/uitypes.pas"/>
        <UnitName Value="UITypes"/>
        <EditorIndex Value="-1"/>
        <CursorPos X="49" Y="6"/>
        <UsageCount Value="3"/>
      </Unit>
      <Unit>
        <Filename Value="src/xypoptimizer2.pas"/>
        <EditorIndex Value="-1"/>
        <TopLine Value="16"/>
        <CursorPos X="73" Y="36"/>
        <UsageCount Value="4"/>
      </Unit>
      <Unit>
        <Filename Value="../../../../FPC/3.0.4/source/rtl/win32/system.pp"/>
        <UnitName Value="System"/>
        <EditorIndex Value="-1"/>
        <CursorPos Y="16"/>
        <UsageCount Value="4"/>
      </Unit>
      <Unit>
        <Filename Value="../../../../FPC/3.0.4/source/packages/fcl-image/src/fpimage.pp"/>
        <UnitName Value="FPimage"/>
        <EditorIndex Value="-1"/>
        <TopLine Value="94"/>
        <CursorPos X="54" Y="105"/>
        <UsageCount Value="4"/>
      </Unit>
      <Unit>
        <Filename Value="../../../Documenti/github/lazarus/lcl/valedit.pas"/>
        <UnitName Value="ValEdit"/>
        <EditorIndex Value="-1"/>
        <TopLine Value="167"/>
        <CursorPos X="14" Y="186"/>
        <UsageCount Value="5"/>
      </Unit>
      <Unit>
        <Filename Value="../../../../FPC/3.0.4/source/rtl/inc/wstringh.inc"/>
        <EditorIndex Value="-1"/>
        <CursorPos X="10" Y="23"/>
        <UsageCount Value="5"/>
      </Unit>
      <Unit>
        <Filename Value="../../../AppData/Local/lazarus/onlinepackagemanager/packages/bgrabitmap-master/bgrabitmap/bgrasvg.pas"/>
        <UnitName Value="BGRASVG"/>
        <EditorIndex Value="-1"/>
        <TopLine Value="148"/>
        <CursorPos X="14" Y="170"/>
        <UsageCount Value="7"/>
      </Unit>
      <Unit>
        <Filename Value="../../../AppData/Local/lazarus/onlinepackagemanager/packages/bgrabitmap-master/bgrabitmap/bgrasvgtype.pas"/>
        <UnitName Value="BGRASVGType"/>
        <EditorIndex Value="-1"/>
        <TopLine Value="1918"/>
        <CursorPos X="3" Y="1921"/>
        <UsageCount Value="6"/>
      </Unit>
      <Unit>
        <Filename Value="../../../../FPC/3.2.0/source/rtl/objpas/fgl.pp"/>
        <EditorIndex Value="-1"/>
        <TopLine Value="156"/>
        <CursorPos X="11" Y="122"/>
        <UsageCount Value="6"/>
      </Unit>
      <Unit>
        <Filename Value="../../../AppData/Local/lazarus/onlinepackagemanager/packages/bgrabitmap-master/bgrabitmap/bgraclasses.pas"/>
        <UnitName Value="BGRAClasses"/>
        <EditorIndex Value="-1"/>
        <TopLine Value="34"/>
        <CursorPos X="3" Y="52"/>
        <UsageCount Value="6"/>
      </Unit>
      <Unit>
        <Filename Value="../../../../FPC/3.2.0/source/rtl/objpas/types.pp"/>
        <UnitName Value="Types"/>
        <EditorIndex Value="-1"/>
        <TopLine Value="98"/>
        <CursorPos X="3" Y="107"/>
        <UsageCount Value="6"/>
      </Unit>
      <Unit>
        <Filename Value="src/xypdxfreader.pas"/>
        <IsPartOfProject Value="True"/>
        <EditorIndex Value="10"/>
        <CursorPos X="6" Y="1212"/>
        <UsageCount Value="207"/>
        <Loaded Value="True"/>
      </Unit>
      <Unit>
        <Filename Value="../../../AppData/Local/lazarus/onlinepackagemanager/packages/bgracontrols-master/bgravirtualscreen.pas"/>
        <UnitName Value="BGRAVirtualScreen"/>
        <EditorIndex Value="-1"/>
        <TopLine Value="43"/>
        <CursorPos X="15" Y="64"/>
        <UsageCount Value="5"/>
        <DefaultSyntaxHighlighter Value="Delphi"/>
      </Unit>
      <Unit>
        <Filename Value="../../../AppData/Local/lazarus/onlinepackagemanager/packages/bgrabitmap-master/bgrabitmap/bgrabitmap.pas"/>
        <UnitName Value="BGRABitmap"/>
        <EditorIndex Value="-1"/>
        <TopLine Value="81"/>
        <CursorPos X="9" Y="92"/>
        <UsageCount Value="6"/>
      </Unit>
      <Unit>
        <Filename Value="../../../AppData/Local/lazarus/onlinepackagemanager/packages/bgrabitmap-master/bgrabitmap/bgrawinbitmap.pas"/>
        <UnitName Value="BGRAWinBitmap"/>
        <EditorIndex Value="-1"/>
        <TopLine Value="38"/>
        <CursorPos X="3" Y="36"/>
        <UsageCount Value="6"/>
      </Unit>
      <Unit>
        <Filename Value="../../../AppData/Local/lazarus/onlinepackagemanager/packages/bgrabitmap-master/bgrabitmap/unibitmap.inc"/>
        <EditorIndex Value="-1"/>
        <TopLine Value="447"/>
        <CursorPos X="14" Y="468"/>
        <UsageCount Value="6"/>
      </Unit>
      <Unit>
        <Filename Value="src/xypfill.pas"/>
        <EditorIndex Value="-1"/>
        <CursorPos X="40" Y="3"/>
        <UsageCount Value="187"/>
      </Unit>
      <Unit>
        <Filename Value="src/xypfiller.pas"/>
        <EditorIndex Value="-1"/>
        <CursorPos X="36" Y="23"/>
        <UsageCount Value="14"/>
      </Unit>
      <Unit>
        <Filename Value="../../../../FPC/3.2.0/source/packages/fcl-image/src/fpimage.pp"/>
        <UnitName Value="FPImage"/>
        <EditorIndex Value="-1"/>
        <TopLine Value="584"/>
        <CursorPos X="20" Y="34"/>
        <UsageCount Value="6"/>
      </Unit>
      <Unit>
        <Filename Value="../../../AppData/Local/lazarus/onlinepackagemanager/packages/bgrabitmap-master/bgrabitmap/bgracustombitmap.inc"/>
        <EditorIndex Value="-1"/>
        <TopLine Value="58"/>
        <CursorPos X="15" Y="78"/>
        <UsageCount Value="6"/>
      </Unit>
      <Unit>
        <Filename Value="../../../AppData/Local/lazarus/onlinepackagemanager/packages/bgrabitmap-master/bgrabitmap/bgraunits.pas"/>
        <UnitName Value="BGRAUnits"/>
        <EditorIndex Value="-1"/>
        <CursorPos X="3" Y="19"/>
        <UsageCount Value="6"/>
      </Unit>
      <Unit>
        <Filename Value="../../../AppData/Local/lazarus/onlinepackagemanager/packages/bgrabitmap-master/bgrabitmap/bgravectorize.pas"/>
        <UnitName Value="BGRAVectorize"/>
        <EditorIndex Value="-1"/>
        <TopLine Value="9"/>
        <CursorPos X="10" Y="30"/>
        <UsageCount Value="7"/>
      </Unit>
      <Unit>
        <Filename Value="../../../AppData/Local/lazarus/onlinepackagemanager/packages/bgrabitmap-master/bgrabitmap/csscolorconst.inc"/>
        <EditorIndex Value="-1"/>
        <CursorPos X="42" Y="15"/>
        <UsageCount Value="6"/>
      </Unit>
      <Unit>
        <Filename Value="../../../../FPC/3.2.0/source/packages/fcl-base/examples/threads.pp"/>
        <UnitName Value="testthreads"/>
        <EditorIndex Value="-1"/>
        <CursorPos X="31" Y="5"/>
        <UsageCount Value="6"/>
      </Unit>
      <Unit>
        <Filename Value="../../../../FPC/3.2.0/source/rtl/objpas/classes/classesh.inc"/>
        <EditorIndex Value="-1"/>
        <TopLine Value="1035"/>
        <CursorPos X="14" Y="1049"/>
        <UsageCount Value="3"/>
      </Unit>
      <Unit>
        <Filename Value="../../../../FPC/3.2.0/source/rtl/win/tthread.inc"/>
        <EditorIndex Value="-1"/>
        <TopLine Value="90"/>
        <CursorPos X="12" Y="96"/>
        <UsageCount Value="7"/>
      </Unit>
      <Unit>
        <Filename Value="../lazarus/lcl/xmlpropstorage.pas"/>
        <UnitName Value="XMLPropStorage"/>
        <EditorIndex Value="-1"/>
        <TopLine Value="123"/>
        <CursorPos X="25" Y="126"/>
        <UsageCount Value="7"/>
      </Unit>
      <Unit>
        <Filename Value="src/xypethernetstream.pas"/>
        <EditorIndex Value="-1"/>
        <TopLine Value="13"/>
        <CursorPos X="14" Y="34"/>
        <UsageCount Value="200"/>
      </Unit>
      <Unit>
        <Filename Value="../../../../FPC/3.2.0/source/rtl/objpas/sysutils/osutilsh.inc"/>
        <EditorIndex Value="-1"/>
        <TopLine Value="25"/>
        <CursorPos X="10" Y="44"/>
        <UsageCount Value="7"/>
      </Unit>
      <Unit>
        <Filename Value="../../../AppData/Local/lazarus/onlinepackagemanager/packages/lnet/lazaruspackage/lnetbase.pas"/>
        <EditorIndex Value="-1"/>
        <UsageCount Value="7"/>
      </Unit>
      <Unit>
        <Filename Value="../lazarus/lcl/customtimer.pas"/>
        <UnitName Value="CustomTimer"/>
        <EditorIndex Value="-1"/>
        <TopLine Value="138"/>
        <CursorPos Y="153"/>
        <UsageCount Value="4"/>
      </Unit>
      <Unit>
        <Filename Value="../../AppData/Local/lazarus/onlinepackagemanager/packages/lnet/lib/lnet.pp"/>
        <UnitName Value="lNet"/>
        <EditorIndex Value="-1"/>
        <TopLine Value="708"/>
        <CursorPos X="3" Y="746"/>
        <UsageCount Value="4"/>
      </Unit>
      <Unit>
        <Filename Value="../../../../FPC/3.2.0/source/packages/rtl-extra/src/inc/socketsh.inc"/>
        <EditorIndex Value="-1"/>
        <TopLine Value="64"/>
        <CursorPos X="11" Y="159"/>
        <UsageCount Value="4"/>
      </Unit>
      <Unit>
        <Filename Value="../../AppData/Local/lazarus/onlinepackagemanager/packages/lnet/lazaruspackage/lnetcomponents.pas"/>
        <UnitName Value="lNetComponents"/>
        <EditorIndex Value="-1"/>
        <TopLine Value="78"/>
        <CursorPos X="3" Y="39"/>
        <UsageCount Value="4"/>
      </Unit>
      <Unit>
        <Filename Value="../../../../FPC/3.2.0/source/rtl/objpas/sysutils/sysstrh.inc"/>
        <EditorIndex Value="-1"/>
        <TopLine Value="68"/>
        <CursorPos X="10" Y="82"/>
        <UsageCount Value="6"/>
      </Unit>
      <Unit>
        <Filename Value="../../../../../FPC/3.2.0/source/rtl/win/wininc/redef.inc"/>
        <EditorIndex Value="-1"/>
        <TopLine Value="732"/>
        <CursorPos X="10" Y="749"/>
        <UsageCount Value="10"/>
      </Unit>
      <Unit>
        <Filename Value="../lazarus/lcl/forms.pp"/>
        <UnitName Value="Forms"/>
        <EditorIndex Value="-1"/>
        <TopLine Value="674"/>
        <CursorPos X="14" Y="716"/>
        <UsageCount Value="10"/>
      </Unit>
      <Unit>
        <Filename Value="../../../../../FPC/3.2.0/source/packages/rtl-extra/src/win/serial.pp"/>
        <UnitName Value="Serial"/>
        <EditorIndex Value="-1"/>
        <TopLine Value="180"/>
        <CursorPos X="51" Y="192"/>
        <UsageCount Value="10"/>
      </Unit>
      <Unit>
        <Filename Value="../../../../../FPC/3.2.0/source/rtl/win/wininc/struct.inc"/>
        <EditorIndex Value="-1"/>
        <TopLine Value="169"/>
        <CursorPos X="6" Y="934"/>
        <UsageCount Value="10"/>
      </Unit>
      <Unit>
        <Filename Value="../../../../../FPC/3.2.0/source/rtl/objpas/classes/classesh.inc"/>
        <EditorIndex Value="-1"/>
        <TopLine Value="1742"/>
        <CursorPos X="14" Y="1760"/>
        <UsageCount Value="10"/>
      </Unit>
      <Unit>
        <Filename Value="../../../../../FPC/3.2.0/source/packages/fcl-registry/src/registry.pp"/>
        <UnitName Value="Registry"/>
        <EditorIndex Value="-1"/>
        <TopLine Value="136"/>
        <CursorPos X="15" Y="153"/>
        <UsageCount Value="10"/>
      </Unit>
      <Unit>
        <Filename Value="../../../../../FPC/3.2.0/source/rtl/win/tthread.inc"/>
        <EditorIndex Value="-1"/>
        <CursorPos X="3" Y="48"/>
        <UsageCount Value="10"/>
      </Unit>
      <Unit>
        <Filename Value="../../../../../FPC/3.2.0/source/rtl/win/wininc/defines.inc"/>
        <EditorIndex Value="-1"/>
        <TopLine Value="1784"/>
        <CursorPos X="6" Y="1803"/>
        <UsageCount Value="10"/>
      </Unit>
      <Unit>
        <Filename Value="../../../../../FPC/3.2.0/source/rtl/win/wininc/ascdef.inc"/>
        <EditorIndex Value="-1"/>
        <TopLine Value="73"/>
        <CursorPos X="20" Y="117"/>
        <UsageCount Value="10"/>
      </Unit>
    </Units>
    <JumpHistory HistoryIndex="29">
      <Position>
        <Filename Value="src/mainfrm.pas"/>
        <Caret Line="267" Column="3" TopLine="258"/>
      </Position>
      <Position>
        <Filename Value="src/mainfrm.pas"/>
        <Caret Line="268" Column="3" TopLine="259"/>
      </Position>
      <Position>
        <Filename Value="src/mainfrm.pas"/>
        <Caret Line="300" Column="97" TopLine="223"/>
      </Position>
      <Position>
        <Filename Value="src/mainfrm.pas"/>
        <Caret Line="124" Column="14" TopLine="123"/>
      </Position>
      <Position>
        <Filename Value="src/mainfrm.pas"/>
        <Caret Line="126" Column="14" TopLine="125"/>
      </Position>
      <Position>
        <Filename Value="src/mainfrm.pas"/>
        <Caret Line="137" Column="28" TopLine="126"/>
      </Position>
      <Position>
        <Filename Value="src/mainfrm.pas"/>
        <Caret Line="46" Column="89" TopLine="23"/>
      </Position>
      <Position>
        <Filename Value="src/mainfrm.pas"/>
        <Caret Line="40" Column="23" TopLine="22"/>
      </Position>
      <Position>
        <Filename Value="src/mainfrm.pas"/>
        <Caret Line="715" TopLine="684"/>
      </Position>
      <Position>
        <Filename Value="src/mainfrm.pas"/>
        <Caret Line="728" Column="3" TopLine="704"/>
      </Position>
      <Position>
        <Filename Value="src/mainfrm.pas"/>
        <Caret Line="723" Column="10" TopLine="705"/>
      </Position>
      <Position>
        <Filename Value="src/mainfrm.pas"/>
        <Caret Line="700" Column="3" TopLine="689"/>
      </Position>
      <Position>
        <Filename Value="src/mainfrm.pas"/>
        <Caret Line="729" Column="16" TopLine="705"/>
      </Position>
      <Position>
        <Filename Value="src/mainfrm.pas"/>
        <Caret Line="845" Column="32" TopLine="827"/>
      </Position>
      <Position>
        <Filename Value="src/mainfrm.pas"/>
        <Caret Line="693" Column="55" TopLine="683"/>
      </Position>
      <Position>
        <Filename Value="src/mainfrm.pas"/>
        <Caret Line="700" Column="3" TopLine="683"/>
      </Position>
      <Position>
        <Filename Value="src/mainfrm.pas"/>
        <Caret Line="735" Column="3" TopLine="724"/>
      </Position>
      <Position>
        <Filename Value="src/mainfrm.pas"/>
        <Caret Line="86" Column="28" TopLine="68"/>
      </Position>
      <Position>
        <Filename Value="src/mainfrm.pas"/>
        <Caret Line="700" Column="3" TopLine="697"/>
      </Position>
      <Position>
        <Filename Value="src/mainfrm.pas"/>
        <Caret Line="323" Column="22" TopLine="312"/>
      </Position>
      <Position>
        <Filename Value="src/mainfrm.pas"/>
        <Caret Line="316" Column="19" TopLine="304"/>
      </Position>
      <Position>
        <Filename Value="src/mainfrm.pas"/>
        <Caret Line="351" Column="3" TopLine="333"/>
      </Position>
      <Position>
        <Filename Value="src/xypserial.pas"/>
        <Caret Line="54" Column="18" TopLine="35"/>
      </Position>
      <Position>
        <Filename Value="src/xypserial.pas"/>
        <Caret Line="205" Column="25" TopLine="124"/>
      </Position>
      <Position>
        <Filename Value="src/xypserial.pas"/>
        <Caret Line="137" Column="30" TopLine="124"/>
      </Position>
      <Position>
        <Filename Value="src/xypserial.pas"/>
        <Caret Line="173" Column="51" TopLine="123"/>
      </Position>
      <Position>
        <Filename Value="src/mainfrm.pas"/>
        <Caret Line="787" Column="57" TopLine="774"/>
      </Position>
      <Position>
        <Filename Value="src/xypdriver.pas"/>
        <Caret Line="43" Column="42" TopLine="30"/>
      </Position>
      <Position>
        <Filename Value="src/xypdriver.pas"/>
        <Caret Line="47" Column="20" TopLine="30"/>
      </Position>
      <Position>
        <Filename Value="src/mainfrm.pas"/>
        <Caret Line="771" Column="38" TopLine="776"/>
      </Position>
    </JumpHistory>
  </ProjectOptions>
  <CompilerOptions>
    <Version Value="11"/>
    <Target>
      <Filename Value="build/xyplot"/>
    </Target>
    <SearchPaths>
      <IncludeFiles Value="$(ProjOutDir);src"/>
      <OtherUnitFiles Value="src"/>
      <UnitOutputDirectory Value="build/lib"/>
    </SearchPaths>
    <Parsing>
      <SyntaxOptions>
        <CStyleOperator Value="False"/>
        <AllowLabel Value="False"/>
        <CPPInline Value="False"/>
        <UseAnsiStrings Value="False"/>
      </SyntaxOptions>
    </Parsing>
    <CodeGeneration>
      <Optimizations>
        <OptimizationLevel Value="3"/>
      </Optimizations>
      <SmallerCode Value="True"/>
    </CodeGeneration>
    <Linking>
      <Debugging>
        <GenerateDebugInfo Value="False"/>
        <UseLineInfoUnit Value="False"/>
      </Debugging>
      <LinkSmart Value="True"/>
      <Options>
        <Win32>
          <GraphicApplication Value="True"/>
        </Win32>
      </Options>
    </Linking>
  </CompilerOptions>
  <Debugging>
    <Watches>
      <Item>
        <Expression Value="caption"/>
      </Item>
      <Item>
        <Expression Value="transform"/>
      </Item>
    </Watches>
    <Exceptions>
      <Item>
        <Name Value="EAbort"/>
      </Item>
      <Item>
        <Name Value="ECodetoolError"/>
      </Item>
      <Item>
        <Name Value="EFOpenError"/>
      </Item>
      <Item>
        <Name Value="EListError"/>
      </Item>
      <Item>
        <Name Value="EReadError"/>
      </Item>
      <Item>
        <Name Value="EInvalidGraphic"/>
      </Item>
    </Exceptions>
  </Debugging>
</CONFIG>
