<?xml version="1.0" encoding="UTF-8"?>
<CONFIG>
  <ProjectOptions>
    <Version Value="12"/>
    <General>
      <AutoCreateForms Value="False"/>
      <Title Value="XY-Plot"/>
      <Scaled Value="True"/>
      <ResourceType Value="res"/>
      <UseXPManifest Value="True"/>
      <XPManifest>
        <DpiAware Value="True"/>
      </XPManifest>
      <Icon Value="0"/>
    </General>
    <BuildModes Active="Release">
      <Item Name="Release" Default="True"/>
      <Item Name="Debug">
        <CompilerOptions>
          <Version Value="11"/>
          <Target>
            <Filename Value="build/xyplotdbg"/>
          </Target>
          <SearchPaths>
            <IncludeFiles Value="$(ProjOutDir);src"/>
            <OtherUnitFiles Value="src"/>
            <UnitOutputDirectory Value="build/lib"/>
          </SearchPaths>
          <Parsing>
            <SyntaxOptions>
              <CStyleOperator Value="False"/>
              <IncludeAssertionCode Value="True"/>
              <AllowLabel Value="False"/>
              <CPPInline Value="False"/>
              <UseAnsiStrings Value="False"/>
            </SyntaxOptions>
          </Parsing>
          <CodeGeneration>
            <Checks>
              <IOChecks Value="True"/>
              <RangeChecks Value="True"/>
              <OverflowChecks Value="True"/>
              <StackChecks Value="True"/>
            </Checks>
            <VerifyObjMethodCallValidity Value="True"/>
            <Optimizations>
              <OptimizationLevel Value="0"/>
            </Optimizations>
          </CodeGeneration>
          <Linking>
            <Debugging>
              <DebugInfoType Value="dsDwarf2Set"/>
              <UseHeaptrc Value="True"/>
            </Debugging>
          </Linking>
          <Other>
            <CustomOptions Value="-dETHERNET"/>
            <OtherDefines Count="1">
              <Define0 Value="ETHERNET"/>
            </OtherDefines>
          </Other>
        </CompilerOptions>
      </Item>
    </BuildModes>
    <ManyBuildModesSelection Value="Release,Debug"/>
    <PublishOptions>
      <Version Value="2"/>
    </PublishOptions>
    <RunParams>
      <FormatVersion Value="2"/>
      <Modes>
        <Mode Name="default"/>
      </Modes>
    </RunParams>
    <RequiredPackages>
      <Item>
        <PackageName Value="lnetbase"/>
      </Item>
      <Item>
        <PackageName Value="lnetvisual"/>
      </Item>
      <Item>
        <PackageName Value="LazControls"/>
      </Item>
      <Item>
        <PackageName Value="bgracontrols"/>
      </Item>
      <Item>
        <PackageName Value="BGRABitmapPack"/>
      </Item>
      <Item>
        <PackageName Value="LCL"/>
      </Item>
    </RequiredPackages>
    <Units>
      <Unit>
        <Filename Value="xyplot.pas"/>
        <IsPartOfProject Value="True"/>
        <CursorPos X="35" Y="32"/>
        <UsageCount Value="200"/>
        <Loaded Value="True"/>
      </Unit>
      <Unit>
        <Filename Value="src/propertiesfrm.pas"/>
        <ComponentName Value="propertiesform"/>
        <HasResources Value="True"/>
        <ResourceBaseClass Value="Form"/>
        <EditorIndex Value="-1"/>
        <TopLine Value="11"/>
        <CursorPos X="64" Y="20"/>
        <UsageCount Value="120"/>
      </Unit>
      <Unit>
        <Filename Value="src/vpcoder.pas"/>
        <EditorIndex Value="-1"/>
        <CursorPos X="6" Y="24"/>
        <UsageCount Value="64"/>
      </Unit>
      <Unit>
        <Filename Value="../fpc/source/rtl/inc/mathh.inc"/>
        <EditorIndex Value="-1"/>
        <TopLine Value="72"/>
        <CursorPos X="14" Y="98"/>
        <UsageCount Value="4"/>
      </Unit>
      <Unit>
        <Filename Value="../../lazarus/lcl/controls.pp"/>
        <UnitName Value="Controls"/>
        <EditorIndex Value="-1"/>
        <TopLine Value="2300"/>
        <CursorPos X="14" Y="2321"/>
        <UsageCount Value="4"/>
      </Unit>
      <Unit>
        <Filename Value="../../fpc/source/packages/fcl-image/src/fpcanvas.pp"/>
        <UnitName Value="FPCanvas"/>
        <EditorIndex Value="-1"/>
        <TopLine Value="327"/>
        <CursorPos X="15" Y="347"/>
        <UsageCount Value="4"/>
      </Unit>
      <Unit>
        <Filename Value="../../lazarus/lcl/extctrls.pp"/>
        <UnitName Value="ExtCtrls"/>
        <EditorIndex Value="-1"/>
        <TopLine Value="429"/>
        <CursorPos X="14" Y="447"/>
        <UsageCount Value="4"/>
      </Unit>
      <Unit>
        <Filename Value="build/arm-linux/lib/main.lrs"/>
        <EditorIndex Value="-1"/>
        <UsageCount Value="4"/>
      </Unit>
      <Unit>
        <Filename Value="src/gcodewriter.pas"/>
        <EditorIndex Value="-1"/>
        <FoldState Value=" T0jK624c"/>
        <UsageCount Value="6"/>
      </Unit>
      <Unit>
        <Filename Value="src/xypdriver.pas"/>
        <IsPartOfProject Value="True"/>
        <IsVisibleTab Value="True"/>
        <EditorIndex Value="4"/>
        <CursorPos X="3" Y="261"/>
        <UsageCount Value="200"/>
        <Loaded Value="True"/>
      </Unit>
      <Unit>
        <Filename Value="src/xypsetting.pas"/>
        <IsPartOfProject Value="True"/>
        <EditorIndex Value="-1"/>
        <TopLine Value="57"/>
        <CursorPos Y="75"/>
        <UsageCount Value="200"/>
      </Unit>
      <Unit>
        <Filename Value="../lazarus/components/fpvectorial/dxfvectorialreader.pas"/>
        <EditorIndex Value="-1"/>
        <TopLine Value="1146"/>
        <CursorPos Y="1191"/>
        <UsageCount Value="4"/>
      </Unit>
      <Unit>
        <Filename Value="src/viewfrm.pas"/>
        <ComponentName Value="viewform"/>
        <HasResources Value="True"/>
        <ResourceBaseClass Value="Form"/>
        <EditorIndex Value="-1"/>
        <TopLine Value="17"/>
        <CursorPos X="37" Y="23"/>
        <UsageCount Value="10"/>
      </Unit>
      <Unit>
        <Filename Value="src/xyppaths.pas"/>
        <IsPartOfProject Value="True"/>
        <EditorIndex Value="-1"/>
        <TopLine Value="28"/>
        <CursorPos X="15" Y="46"/>
        <UsageCount Value="200"/>
      </Unit>
      <Unit>
        <Filename Value="src/aboutfrm.pas"/>
        <IsPartOfProject Value="True"/>
        <ComponentName Value="taboutform"/>
        <HasResources Value="True"/>
        <ResourceBaseClass Value="Form"/>
        <EditorIndex Value="3"/>
        <TopLine Value="34"/>
        <CursorPos X="69" Y="45"/>
        <UsageCount Value="200"/>
        <Loaded Value="True"/>
        <LoadedDesigner Value="True"/>
      </Unit>
      <Unit>
        <Filename Value="src/vpsketch.pas"/>
        <EditorIndex Value="-1"/>
        <CursorPos X="45" Y="6"/>
        <UsageCount Value="64"/>
      </Unit>
      <Unit>
        <Filename Value="src/xypmath.pas"/>
        <IsPartOfProject Value="True"/>
        <EditorIndex Value="5"/>
        <TopLine Value="106"/>
        <CursorPos X="30" Y="109"/>
        <UsageCount Value="200"/>
        <Loaded Value="True"/>
      </Unit>
      <Unit>
        <Filename Value="src/pltwave.pas"/>
        <EditorIndex Value="-1"/>
        <CursorPos X="28" Y="164"/>
        <UsageCount Value="131"/>
      </Unit>
      <Unit>
        <Filename Value="../lazarus/lcl/graphics.pp"/>
        <UnitName Value="Graphics"/>
        <EditorIndex Value="-1"/>
        <TopLine Value="227"/>
        <CursorPos X="3" Y="246"/>
        <UsageCount Value="5"/>
      </Unit>
      <Unit>
        <Filename Value="../fpc/source/rtl/objpas/sysutils/sysstrh.inc"/>
        <EditorIndex Value="-1"/>
        <TopLine Value="90"/>
        <CursorPos X="10" Y="114"/>
        <UsageCount Value="4"/>
      </Unit>
      <Unit>
        <Filename Value="../lazarus/components/aggpas/src/agg_curves.pas"/>
        <EditorIndex Value="-1"/>
        <TopLine Value="31"/>
        <CursorPos X="23" Y="2"/>
        <UsageCount Value="4"/>
      </Unit>
      <Unit>
        <Filename Value="src/vpgcode.pas"/>
        <EditorIndex Value="-1"/>
        <TopLine Value="25"/>
        <CursorPos X="26" Y="4"/>
        <UsageCount Value="10"/>
      </Unit>
      <Unit>
        <Filename Value="src/pltdxfreader.pas"/>
        <EditorIndex Value="-1"/>
        <TopLine Value="617"/>
        <CursorPos X="14" Y="655"/>
        <UsageCount Value="163"/>
      </Unit>
      <Unit>
        <Filename Value="src/sketchyimage.pas"/>
        <EditorIndex Value="-1"/>
        <TopLine Value="241"/>
        <CursorPos X="62" Y="258"/>
        <UsageCount Value="2"/>
      </Unit>
      <Unit>
        <Filename Value="src/calibrationfrm.pas"/>
        <ComponentName Value="calibrationform"/>
        <HasResources Value="True"/>
        <ResourceBaseClass Value="Form"/>
        <EditorIndex Value="-1"/>
        <TopLine Value="4"/>
        <CursorPos Y="67"/>
        <UsageCount Value="27"/>
      </Unit>
      <Unit>
        <Filename Value="src/scalefrm.pas"/>
        <ComponentName Value="scaleform"/>
        <HasResources Value="True"/>
        <ResourceBaseClass Value="Form"/>
        <EditorIndex Value="-1"/>
        <CursorPos X="26" Y="4"/>
        <UsageCount Value="32"/>
      </Unit>
      <Unit>
        <Filename Value="src/offsetfrm.pas"/>
        <ComponentName Value="offsetform"/>
        <HasResources Value="True"/>
        <ResourceBaseClass Value="Form"/>
        <EditorIndex Value="-1"/>
        <CursorPos X="37" Y="30"/>
        <UsageCount Value="31"/>
      </Unit>
      <Unit>
        <Filename Value="src/aboutfrm.lfm"/>
        <EditorIndex Value="-1"/>
        <CursorPos X="32" Y="10"/>
        <UsageCount Value="4"/>
        <DefaultSyntaxHighlighter Value="LFM"/>
      </Unit>
      <Unit>
        <Filename Value="src/xypsvgreader.pas"/>
        <IsPartOfProject Value="True"/>
        <EditorIndex Value="-1"/>
        <TopLine Value="98"/>
        <CursorPos X="15" Y="121"/>
        <UsageCount Value="200"/>
      </Unit>
      <Unit>
        <Filename Value="src/vpdriverthread.pas"/>
        <EditorIndex Value="-1"/>
        <TopLine Value="9"/>
        <CursorPos Y="35"/>
        <UsageCount Value="5"/>
      </Unit>
      <Unit>
        <Filename Value="src/vpsrvsetting.pas"/>
        <EditorIndex Value="-1"/>
        <TopLine Value="12"/>
        <CursorPos Y="51"/>
        <UsageCount Value="4"/>
      </Unit>
      <Unit>
        <Filename Value="src/importfrm.pas"/>
        <ComponentName Value="importform"/>
        <HasResources Value="True"/>
        <ResourceBaseClass Value="Form"/>
        <EditorIndex Value="-1"/>
        <CursorPos X="18" Y="5"/>
        <ComponentState Value="1"/>
        <UsageCount Value="157"/>
      </Unit>
      <Unit>
        <Filename Value="src/xypsketcher.pas"/>
        <EditorIndex Value="-1"/>
        <TopLine Value="356"/>
        <CursorPos X="45" Y="393"/>
        <UsageCount Value="97"/>
      </Unit>
      <Unit>
        <Filename Value="src/mainfrm.pas"/>
        <IsPartOfProject Value="True"/>
        <ComponentName Value="tmainform"/>
        <HasResources Value="True"/>
        <ResourceBaseClass Value="Form"/>
        <EditorIndex Value="1"/>
        <CursorPos Y="876"/>
        <UsageCount Value="200"/>
        <Loaded Value="True"/>
        <LoadedDesigner Value="True"/>
      </Unit>
      <Unit>
        <Filename Value="src/layoutfrm.pas"/>
        <ComponentName Value="layoutform"/>
        <HasResources Value="True"/>
        <ResourceBaseClass Value="Form"/>
        <EditorIndex Value="-1"/>
        <TopLine Value="11"/>
        <CursorPos X="56" Y="16"/>
        <UsageCount Value="22"/>
      </Unit>
      <Unit>
        <Filename Value="FPC/3.0.4/source/rtl/inc/typshrdh.inc"/>
        <EditorIndex Value="-1"/>
        <TopLine Value="129"/>
        <CursorPos X="19" Y="158"/>
        <UsageCount Value="4"/>
      </Unit>
      <Unit>
        <Filename Value="src/vpsetup.pas"/>
        <EditorIndex Value="-1"/>
        <CursorPos Y="31"/>
        <UsageCount Value="7"/>
      </Unit>
      <Unit>
        <Filename Value="src/xypserial.pas"/>
        <EditorIndex Value="2"/>
        <TopLine Value="181"/>
        <CursorPos X="3" Y="126"/>
        <UsageCount Value="91"/>
        <Loaded Value="True"/>
      </Unit>
      <Unit>
        <Filename Value="usr/share/fpcsrc/3.0.4/packages/rtl-extra/src/unix/serial.pp"/>
        <UnitName Value="Serial"/>
        <EditorIndex Value="-1"/>
        <CursorPos X="42" Y="10"/>
        <UsageCount Value="4"/>
      </Unit>
      <Unit>
        <Filename Value="src/xyputils.pas"/>
        <IsPartOfProject Value="True"/>
        <EditorIndex Value="-1"/>
        <TopLine Value="180"/>
        <CursorPos X="3" Y="198"/>
        <UsageCount Value="200"/>
      </Unit>
      <Unit>
        <Filename Value="/FPC/3.0.4/source/rtl/objpas/classes/classesh.inc"/>
        <EditorIndex Value="-1"/>
        <TopLine Value="948"/>
        <CursorPos X="14" Y="968"/>
        <UsageCount Value="4"/>
      </Unit>
      <Unit>
        <Filename Value="/usr/share/fpcsrc/3.0.4/rtl/objpas/classes/classes.inc"/>
        <EditorIndex Value="-1"/>
        <TopLine Value="600"/>
        <CursorPos X="3" Y="602"/>
        <UsageCount Value="7"/>
      </Unit>
      <Unit>
        <Filename Value="/usr/share/fpcsrc/3.0.4/rtl/objpas/sysutils/osutilsh.inc"/>
        <EditorIndex Value="-1"/>
        <CursorPos X="16" Y="30"/>
        <UsageCount Value="7"/>
      </Unit>
      <Unit>
        <Filename Value="/usr/share/fpcsrc/3.0.4/rtl/unix/sysutils.pp"/>
        <EditorIndex Value="-1"/>
        <TopLine Value="1435"/>
        <CursorPos X="140" Y="1467"/>
        <UsageCount Value="7"/>
      </Unit>
      <Unit>
        <Filename Value="src/reportfrm.pas"/>
        <ComponentName Value="reportform"/>
        <HasResources Value="True"/>
        <ResourceBaseClass Value="Form"/>
        <EditorIndex Value="-1"/>
        <CursorPos X="35" Y="3"/>
        <UsageCount Value="71"/>
      </Unit>
      <Unit>
        <Filename Value="src/checkfrm.pas"/>
        <ComponentName Value="checkform"/>
        <HasResources Value="True"/>
        <ResourceBaseClass Value="Form"/>
        <EditorIndex Value="-1"/>
        <TopLine Value="80"/>
        <CursorPos X="63" Y="99"/>
        <UsageCount Value="21"/>
      </Unit>
      <Unit>
        <Filename Value="src/settingfrm.pas"/>
        <ComponentName Value="settingform"/>
        <HasResources Value="True"/>
        <ResourceBaseClass Value="Form"/>
        <EditorIndex Value="-1"/>
        <TopLine Value="10"/>
        <CursorPos X="17" Y="14"/>
        <UsageCount Value="148"/>
      </Unit>
      <Unit>
        <Filename Value="../../../../FPC/3.0.4/source/packages/rtl-extra/src/win/serial.pp"/>
        <UnitName Value="Serial"/>
        <EditorIndex Value="-1"/>
        <TopLine Value="44"/>
        <CursorPos X="10" Y="63"/>
        <UsageCount Value="4"/>
      </Unit>
      <Unit>
        <Filename Value="src/vpoptimizer.pas"/>
        <EditorIndex Value="-1"/>
        <TopLine Value="303"/>
        <CursorPos X="56" Y="458"/>
        <FoldState Value=" T3k5073741221F"/>
        <UsageCount Value="9"/>
      </Unit>
      <Unit>
        <Filename Value="../../../AppData/Local/lazarus/onlinepackagemanager/packages/bgrabitmap-master/bgrabitmap/bgrapath.pas"/>
        <UnitName Value="BGRAPath"/>
        <EditorIndex Value="-1"/>
        <TopLine Value="213"/>
        <CursorPos X="15" Y="232"/>
        <UsageCount Value="9"/>
      </Unit>
      <Unit>
        <Filename Value="../../../AppData/Local/lazarus/onlinepackagemanager/packages/bgrabitmap-master/bgrabitmap/geometrytypes.inc"/>
        <EditorIndex Value="-1"/>
        <CursorPos X="3" Y="17"/>
        <UsageCount Value="5"/>
      </Unit>
      <Unit>
        <Filename Value="../../../../FPC/3.0.4/source/rtl/objpas/fgl.pp"/>
        <EditorIndex Value="-1"/>
        <TopLine Value="95"/>
        <CursorPos X="11" Y="114"/>
        <UsageCount Value="7"/>
      </Unit>
      <Unit>
        <Filename Value="src/xyppathoptimizer.pas"/>
        <EditorIndex Value="-1"/>
        <TopLine Value="52"/>
        <CursorPos X="4" Y="60"/>
        <UsageCount Value="97"/>
      </Unit>
      <Unit>
        <Filename Value="../../../AppData/Local/lazarus/onlinepackagemanager/packages/bgrabitmap-master/bgrabitmap/bgrapixel.inc"/>
        <EditorIndex Value="-1"/>
        <TopLine Value="151"/>
        <CursorPos X="10" Y="174"/>
        <UsageCount Value="9"/>
      </Unit>
      <Unit>
        <Filename Value="src/xypdebug.pas"/>
        <EditorIndex Value="-1"/>
        <TopLine Value="19"/>
        <CursorPos X="3" Y="37"/>
        <UsageCount Value="151"/>
      </Unit>
      <Unit>
        <Filename Value="src/debugfrm.pas"/>
        <ComponentName Value="debugform"/>
        <HasResources Value="True"/>
        <ResourceBaseClass Value="Form"/>
        <EditorIndex Value="-1"/>
        <TopLine Value="11"/>
        <CursorPos X="15" Y="18"/>
        <UsageCount Value="149"/>
      </Unit>
      <Unit>
        <Filename Value="../../../Documenti/github/lazarus/lcl/dialogs.pp"/>
        <UnitName Value="Dialogs"/>
        <EditorIndex Value="-1"/>
        <TopLine Value="680"/>
        <CursorPos X="20" Y="699"/>
        <UsageCount Value="7"/>
      </Unit>
      <Unit>
        <Filename Value="src/xypecpathoptimizer.pas"/>
        <EditorIndex Value="-1"/>
        <TopLine Value="483"/>
        <CursorPos X="25" Y="63"/>
        <UsageCount Value="95"/>
      </Unit>
      <Unit>
        <Filename Value="../../../../FPC/3.0.4/source/rtl/win32/system.pp"/>
        <UnitName Value="System"/>
        <EditorIndex Value="-1"/>
        <CursorPos Y="16"/>
        <UsageCount Value="7"/>
      </Unit>
      <Unit>
        <Filename Value="../../../../FPC/3.0.4/source/packages/fcl-image/src/fpimage.pp"/>
        <UnitName Value="FPimage"/>
        <EditorIndex Value="-1"/>
        <TopLine Value="94"/>
        <CursorPos X="54" Y="105"/>
        <UsageCount Value="7"/>
      </Unit>
      <Unit>
        <Filename Value="../../../AppData/Local/lazarus/onlinepackagemanager/packages/bgrabitmap-master/bgrabitmap/bgrasvg.pas"/>
        <UnitName Value="BGRASVG"/>
        <EditorIndex Value="-1"/>
        <TopLine Value="148"/>
        <CursorPos X="14" Y="170"/>
        <UsageCount Value="10"/>
      </Unit>
      <Unit>
        <Filename Value="../../../AppData/Local/lazarus/onlinepackagemanager/packages/bgrabitmap-master/bgrabitmap/bgrasvgtype.pas"/>
        <UnitName Value="BGRASVGType"/>
        <EditorIndex Value="-1"/>
        <TopLine Value="1918"/>
        <CursorPos X="3" Y="1921"/>
        <UsageCount Value="9"/>
      </Unit>
      <Unit>
        <Filename Value="../../../../FPC/3.2.0/source/rtl/objpas/fgl.pp"/>
        <EditorIndex Value="-1"/>
        <TopLine Value="156"/>
        <CursorPos X="11" Y="122"/>
        <UsageCount Value="9"/>
      </Unit>
      <Unit>
        <Filename Value="../../../AppData/Local/lazarus/onlinepackagemanager/packages/bgrabitmap-master/bgrabitmap/bgraclasses.pas"/>
        <UnitName Value="BGRAClasses"/>
        <EditorIndex Value="-1"/>
        <TopLine Value="40"/>
        <CursorPos X="3" Y="53"/>
        <UsageCount Value="5"/>
      </Unit>
      <Unit>
        <Filename Value="../../../../FPC/3.2.0/source/rtl/objpas/types.pp"/>
        <UnitName Value="Types"/>
        <EditorIndex Value="-1"/>
        <TopLine Value="98"/>
        <CursorPos X="3" Y="107"/>
        <UsageCount Value="9"/>
      </Unit>
      <Unit>
        <Filename Value="src/xypdxfreader.pas"/>
        <IsPartOfProject Value="True"/>
        <EditorIndex Value="-1"/>
        <TopLine Value="961"/>
        <CursorPos X="6" Y="979"/>
        <UsageCount Value="207"/>
      </Unit>
      <Unit>
        <Filename Value="../../../AppData/Local/lazarus/onlinepackagemanager/packages/bgrabitmap-master/bgrabitmap/bgrabitmap.pas"/>
        <UnitName Value="BGRABitmap"/>
        <EditorIndex Value="-1"/>
        <TopLine Value="81"/>
        <CursorPos X="9" Y="92"/>
        <UsageCount Value="9"/>
      </Unit>
      <Unit>
        <Filename Value="../../../AppData/Local/lazarus/onlinepackagemanager/packages/bgrabitmap-master/bgrabitmap/bgrawinbitmap.pas"/>
        <UnitName Value="BGRAWinBitmap"/>
        <EditorIndex Value="-1"/>
        <TopLine Value="38"/>
        <CursorPos X="3" Y="36"/>
        <UsageCount Value="9"/>
      </Unit>
      <Unit>
        <Filename Value="../../../AppData/Local/lazarus/onlinepackagemanager/packages/bgrabitmap-master/bgrabitmap/unibitmap.inc"/>
        <EditorIndex Value="-1"/>
        <TopLine Value="447"/>
        <CursorPos X="14" Y="468"/>
        <UsageCount Value="9"/>
      </Unit>
      <Unit>
        <Filename Value="src/xypfill.pas"/>
        <EditorIndex Value="-1"/>
        <CursorPos X="40" Y="3"/>
        <UsageCount Value="150"/>
      </Unit>
      <Unit>
        <Filename Value="src/xypfiller.pas"/>
        <EditorIndex Value="-1"/>
        <TopLine Value="3"/>
        <CursorPos X="36" Y="135"/>
        <UsageCount Value="22"/>
      </Unit>
      <Unit>
        <Filename Value="../../../../FPC/3.2.0/source/packages/fcl-image/src/fpimage.pp"/>
        <UnitName Value="FPImage"/>
        <EditorIndex Value="-1"/>
        <TopLine Value="584"/>
        <CursorPos X="20" Y="34"/>
        <UsageCount Value="9"/>
      </Unit>
      <Unit>
        <Filename Value="../../../AppData/Local/lazarus/onlinepackagemanager/packages/bgrabitmap-master/bgrabitmap/bgracustombitmap.inc"/>
        <EditorIndex Value="-1"/>
        <TopLine Value="58"/>
        <CursorPos X="15" Y="78"/>
        <UsageCount Value="9"/>
      </Unit>
      <Unit>
        <Filename Value="../../../AppData/Local/lazarus/onlinepackagemanager/packages/bgrabitmap-master/bgrabitmap/bgraunits.pas"/>
        <UnitName Value="BGRAUnits"/>
        <EditorIndex Value="-1"/>
        <CursorPos X="3" Y="19"/>
        <UsageCount Value="9"/>
      </Unit>
      <Unit>
        <Filename Value="../../../AppData/Local/lazarus/onlinepackagemanager/packages/bgrabitmap-master/bgrabitmap/bgravectorize.pas"/>
        <UnitName Value="BGRAVectorize"/>
        <EditorIndex Value="-1"/>
        <TopLine Value="9"/>
        <CursorPos X="10" Y="30"/>
        <UsageCount Value="10"/>
      </Unit>
      <Unit>
        <Filename Value="../../../AppData/Local/lazarus/onlinepackagemanager/packages/bgrabitmap-master/bgrabitmap/csscolorconst.inc"/>
        <EditorIndex Value="-1"/>
        <CursorPos X="42" Y="15"/>
        <UsageCount Value="9"/>
      </Unit>
      <Unit>
        <Filename Value="../../../../FPC/3.2.0/source/packages/fcl-base/examples/threads.pp"/>
        <UnitName Value="testthreads"/>
        <EditorIndex Value="-1"/>
        <CursorPos X="31" Y="5"/>
        <UsageCount Value="9"/>
      </Unit>
      <Unit>
        <Filename Value="../../../../FPC/3.2.0/source/rtl/win/tthread.inc"/>
        <EditorIndex Value="-1"/>
        <TopLine Value="90"/>
        <CursorPos X="12" Y="96"/>
        <UsageCount Value="10"/>
      </Unit>
      <Unit>
        <Filename Value="../lazarus/lcl/xmlpropstorage.pas"/>
        <UnitName Value="XMLPropStorage"/>
        <EditorIndex Value="-1"/>
        <TopLine Value="123"/>
        <CursorPos X="25" Y="126"/>
        <UsageCount Value="10"/>
      </Unit>
      <Unit>
        <Filename Value="src/xypethernetstream.pas"/>
        <EditorIndex Value="-1"/>
        <TopLine Value="13"/>
        <CursorPos X="14" Y="34"/>
        <UsageCount Value="163"/>
      </Unit>
      <Unit>
        <Filename Value="../../../../FPC/3.2.0/source/rtl/objpas/sysutils/osutilsh.inc"/>
        <EditorIndex Value="-1"/>
        <TopLine Value="25"/>
        <CursorPos X="10" Y="44"/>
        <UsageCount Value="10"/>
      </Unit>
      <Unit>
        <Filename Value="../lazarus/lcl/customtimer.pas"/>
        <UnitName Value="CustomTimer"/>
        <EditorIndex Value="-1"/>
        <TopLine Value="138"/>
        <CursorPos Y="153"/>
        <UsageCount Value="7"/>
      </Unit>
      <Unit>
        <Filename Value="../../AppData/Local/lazarus/onlinepackagemanager/packages/lnet/lib/lnet.pp"/>
        <UnitName Value="lNet"/>
        <EditorIndex Value="-1"/>
        <TopLine Value="708"/>
        <CursorPos X="3" Y="746"/>
        <UsageCount Value="7"/>
      </Unit>
      <Unit>
        <Filename Value="../../../../FPC/3.2.0/source/packages/rtl-extra/src/inc/socketsh.inc"/>
        <EditorIndex Value="-1"/>
        <TopLine Value="64"/>
        <CursorPos X="11" Y="159"/>
        <UsageCount Value="7"/>
      </Unit>
      <Unit>
        <Filename Value="../../AppData/Local/lazarus/onlinepackagemanager/packages/lnet/lazaruspackage/lnetcomponents.pas"/>
        <UnitName Value="lNetComponents"/>
        <EditorIndex Value="-1"/>
        <TopLine Value="78"/>
        <CursorPos X="3" Y="39"/>
        <UsageCount Value="7"/>
      </Unit>
      <Unit>
        <Filename Value="../../../../FPC/3.2.0/source/rtl/objpas/sysutils/sysstrh.inc"/>
        <EditorIndex Value="-1"/>
        <TopLine Value="68"/>
        <CursorPos X="10" Y="82"/>
        <UsageCount Value="9"/>
      </Unit>
      <Unit>
        <Filename Value="../../../AppData/Local/lazarus/onlinepackagemanager/packages/lnet/lib/lnet.pp"/>
        <UnitName Value="lNet"/>
        <EditorIndex Value="-1"/>
        <TopLine Value="362"/>
        <CursorPos X="14" Y="379"/>
        <UsageCount Value="10"/>
      </Unit>
      <Unit>
        <Filename Value="../../../../FPC/3.2.0/source/rtl/objpas/objpas.pp"/>
        <EditorIndex Value="-1"/>
        <CursorPos X="8" Y="33"/>
        <UsageCount Value="4"/>
      </Unit>
      <Unit>
        <Filename Value="../../../../FPC/3.2.2/source/rtl/objpas/classes/classesh.inc"/>
        <EditorIndex Value="-1"/>
        <TopLine Value="1667"/>
        <CursorPos X="3" Y="1687"/>
        <UsageCount Value="10"/>
      </Unit>
      <Unit>
        <Filename Value="../../../../FPC/3.2.2/source/rtl/objpas/fgl.pp"/>
        <EditorIndex Value="-1"/>
        <TopLine Value="983"/>
        <CursorPos X="36" Y="991"/>
        <UsageCount Value="4"/>
      </Unit>
      <Unit>
        <Filename Value="../../../../FPC/3.2.2/source/rtl/win/tthread.inc"/>
        <EditorIndex Value="-1"/>
        <TopLine Value="87"/>
        <CursorPos X="3" Y="97"/>
        <UsageCount Value="7"/>
      </Unit>
      <Unit>
        <Filename Value="../../../../FPC/3.2.2/source/rtl/objpas/classes/classes.inc"/>
        <EditorIndex Value="-1"/>
        <TopLine Value="1020"/>
        <CursorPos X="10" Y="1039"/>
        <UsageCount Value="7"/>
      </Unit>
      <Unit>
        <Filename Value="../../../../FPC/3.2.2/source/rtl/inc/systemh.inc"/>
        <EditorIndex Value="-1"/>
        <TopLine Value="1612"/>
        <UsageCount Value="7"/>
      </Unit>
      <Unit>
        <Filename Value="../../../../FPC/3.2.2/source/packages/rtl-objpas/src/inc/dateutil.inc"/>
        <EditorIndex Value="-1"/>
        <TopLine Value="1332"/>
        <CursorPos X="27" Y="1351"/>
        <UsageCount Value="7"/>
      </Unit>
      <Unit>
        <Filename Value="../../../../FPC/3.2.2/source/rtl/inc/mathh.inc"/>
        <EditorIndex Value="-1"/>
        <TopLine Value="87"/>
        <CursorPos X="14" Y="106"/>
        <UsageCount Value="7"/>
      </Unit>
      <Unit>
        <Filename Value="src/xypgeneticalgorithm.pas"/>
        <EditorIndex Value="-1"/>
        <CursorPos X="47" Y="2"/>
        <UsageCount Value="95"/>
      </Unit>
      <Unit>
        <Filename Value="../../../../FPC/3.2.2/source/rtl/inc/objpash.inc"/>
        <EditorIndex Value="-1"/>
        <TopLine Value="187"/>
        <CursorPos X="23" Y="206"/>
        <UsageCount Value="9"/>
      </Unit>
      <Unit>
        <Filename Value="src/xypsimulatedannealing.pas"/>
        <IsPartOfProject Value="True"/>
        <EditorIndex Value="-1"/>
        <TopLine Value="165"/>
        <CursorPos X="51" Y="191"/>
        <UsageCount Value="200"/>
      </Unit>
      <Unit>
        <Filename Value="src/xypnodes.pas"/>
        <IsPartOfProject Value="True"/>
        <EditorIndex Value="-1"/>
        <TopLine Value="50"/>
        <CursorPos X="9" Y="68"/>
        <UsageCount Value="200"/>
      </Unit>
      <Unit>
        <Filename Value="../../../../FPC/3.2.2/source/rtl/win/wininc/func.inc"/>
        <EditorIndex Value="-1"/>
        <TopLine Value="375"/>
        <CursorPos X="11" Y="394"/>
        <UsageCount Value="7"/>
      </Unit>
      <Unit>
        <Filename Value="../../../../FPC/3.2.2/source/rtl/win32/system.pp"/>
        <UnitName Value="System"/>
        <EditorIndex Value="-1"/>
        <TopLine Value="34"/>
        <CursorPos Y="16"/>
        <UsageCount Value="7"/>
      </Unit>
      <Unit>
        <Filename Value="../../../../FPC/3.2.2/source/rtl/inc/dynarrh.inc"/>
        <EditorIndex Value="-1"/>
        <TopLine Value="8"/>
        <CursorPos X="31" Y="34"/>
        <UsageCount Value="7"/>
      </Unit>
      <Unit>
        <Filename Value="../../Documents/GitHub/lazarus/components/lazutils/avglvltree.pas"/>
        <UnitName Value="AvgLvlTree"/>
        <EditorIndex Value="-1"/>
        <TopLine Value="981"/>
        <CursorPos X="47" Y="1002"/>
        <UsageCount Value="10"/>
      </Unit>
      <Unit>
        <Filename Value="../../Documents/GitHub/lazarus/components/lazutils/laz_avl_tree.pp"/>
        <UnitName Value="Laz_AVL_Tree"/>
        <EditorIndex Value="-1"/>
        <TopLine Value="125"/>
        <CursorPos X="3" Y="84"/>
        <UsageCount Value="9"/>
      </Unit>
      <Unit>
        <Filename Value="src/xyptrash.pas"/>
        <IsPartOfProject Value="True"/>
        <EditorIndex Value="-1"/>
        <TopLine Value="395"/>
        <CursorPos X="8" Y="411"/>
        <UsageCount Value="199"/>
      </Unit>
      <Unit>
        <Filename Value="../../../../../FPC/3.2.2/source/rtl/objpas/types.pp"/>
        <UnitName Value="Types"/>
        <EditorIndex Value="-1"/>
        <TopLine Value="597"/>
        <CursorPos X="15" Y="620"/>
        <UsageCount Value="5"/>
      </Unit>
      <Unit>
        <Filename Value="../../../../../FPC/3.2.2/source/rtl/objpas/math.pp"/>
        <UnitName Value="Math"/>
        <EditorIndex Value="-1"/>
        <TopLine Value="267"/>
        <CursorPos X="10" Y="286"/>
        <UsageCount Value="8"/>
      </Unit>
      <Unit>
        <Filename Value="../lazarus/lcl/dialogs.pp"/>
        <UnitName Value="Dialogs"/>
        <EditorIndex Value="-1"/>
        <UsageCount Value="5"/>
      </Unit>
      <Unit>
        <Filename Value="../../../../../FPC/3.2.2/source/rtl/objpas/fgl.pp"/>
        <EditorIndex Value="-1"/>
        <TopLine Value="128"/>
        <CursorPos X="14" Y="147"/>
        <UsageCount Value="7"/>
      </Unit>
      <Unit>
        <Filename Value="../../../../../FPC/3.2.2/source/rtl/objpas/classes/classesh.inc"/>
        <EditorIndex Value="-1"/>
        <TopLine Value="921"/>
        <CursorPos X="26" Y="940"/>
        <UsageCount Value="10"/>
      </Unit>
      <Unit>
        <Filename Value="../../../../../FPC/3.2.2/source/rtl/inc/objpash.inc"/>
        <EditorIndex Value="-1"/>
        <TopLine Value="196"/>
        <CursorPos X="23" Y="206"/>
        <UsageCount Value="5"/>
      </Unit>
      <Unit>
        <Filename Value="../../../../../FPC/3.2.2/source/rtl/inc/objpas.inc"/>
        <EditorIndex Value="-1"/>
        <TopLine Value="322"/>
        <CursorPos X="12" Y="334"/>
        <UsageCount Value="5"/>
      </Unit>
      <Unit>
        <Filename Value="../../../../../FPC/3.2.2/source/rtl/objpas/sysutils/sysstrh.inc"/>
        <EditorIndex Value="-1"/>
        <TopLine Value="178"/>
        <CursorPos X="10" Y="197"/>
        <UsageCount Value="5"/>
      </Unit>
      <Unit>
        <Filename Value="../../../../../FPC/3.2.2/source/rtl/objpas/sysutils/sysinth.inc"/>
        <EditorIndex Value="-1"/>
        <TopLine Value="47"/>
        <CursorPos X="3" Y="57"/>
        <UsageCount Value="5"/>
      </Unit>
      <Unit>
        <Filename Value="../../../../../FPC/3.2.2/source/packages/fcl-image/src/fpimage.pp"/>
        <UnitName Value="FPImage"/>
        <EditorIndex Value="-1"/>
        <TopLine Value="14"/>
        <CursorPos X="3" Y="33"/>
        <UsageCount Value="6"/>
      </Unit>
      <Unit>
        <Filename Value="../../../../../FPC/3.2.2/source/rtl/inc/systemh.inc"/>
        <EditorIndex Value="-1"/>
        <TopLine Value="115"/>
        <CursorPos X="5" Y="134"/>
        <UsageCount Value="6"/>
      </Unit>
      <Unit>
        <Filename Value="../../../../../FPC/3.2.2/source/rtl/objpas/classes/streams.inc"/>
        <EditorIndex Value="-1"/>
        <TopLine Value="26"/>
        <CursorPos X="35" Y="43"/>
        <UsageCount Value="10"/>
      </Unit>
      <Unit>
        <Filename Value="../lazarus/lcl/include/speedbutton.inc"/>
        <EditorIndex Value="-1"/>
        <TopLine Value="733"/>
        <CursorPos X="24" Y="751"/>
        <UsageCount Value="10"/>
      </Unit>
      <Unit>
        <Filename Value="../../../AppData/Local/lazarus/onlinepackagemanager/packages/lnet/lazaruspackage/lnetcomponents.pas"/>
        <UnitName Value="lNetComponents"/>
        <EditorIndex Value="-1"/>
        <TopLine Value="34"/>
        <CursorPos X="3" Y="39"/>
        <UsageCount Value="10"/>
      </Unit>
    </Units>
    <OtherDefines Count="1">
      <Define0 Value="ETHERNET"/>
    </OtherDefines>
    <JumpHistory HistoryIndex="26">
      <Position>
        <Filename Value="src/mainfrm.pas"/>
        <Caret Line="255" Column="19" TopLine="253"/>
      </Position>
      <Position>
        <Filename Value="src/mainfrm.pas"/>
        <Caret Line="129" Column="13" TopLine="116"/>
      </Position>
      <Position>
        <Filename Value="src/mainfrm.pas"/>
        <Caret Line="255" Column="11" TopLine="241"/>
      </Position>
      <Position>
        <Filename Value="src/mainfrm.pas"/>
        <Caret Line="318" Column="11" TopLine="305"/>
      </Position>
      <Position>
        <Filename Value="src/mainfrm.pas"/>
        <Caret Line="338" Column="15" TopLine="324"/>
      </Position>
      <Position>
        <Filename Value="src/mainfrm.pas"/>
        <Caret Line="317" Column="4" TopLine="302"/>
      </Position>
      <Position>
        <Filename Value="src/mainfrm.pas"/>
        <Caret Line="338" Column="15" TopLine="324"/>
      </Position>
      <Position>
        <Filename Value="src/xypdriver.pas"/>
        <Caret Line="654" Column="13" TopLine="640"/>
      </Position>
      <Position>
        <Filename Value="src/xypdriver.pas"/>
        <Caret Line="47" Column="26" TopLine="35"/>
      </Position>
      <Position>
        <Filename Value="src/xypdriver.pas"/>
        <Caret Line="717" Column="112" TopLine="710"/>
      </Position>
      <Position>
        <Filename Value="src/mainfrm.pas"/>
        <Caret Line="879" Column="28" TopLine="861"/>
      </Position>
      <Position>
        <Filename Value="src/xypdriver.pas"/>
        <Caret Line="703" Column="3" TopLine="703"/>
      </Position>
      <Position>
        <Filename Value="src/xypdriver.pas"/>
        <Caret Line="692" Column="2" TopLine="689"/>
      </Position>
      <Position>
        <Filename Value="src/xypdriver.pas"/>
        <Caret Line="90" Column="29" TopLine="72"/>
      </Position>
      <Position>
        <Filename Value="src/xypdriver.pas"/>
        <Caret Line="650" Column="3" TopLine="646"/>
      </Position>
      <Position>
        <Filename Value="src/xypdriver.pas"/>
        <Caret Line="95" Column="22" TopLine="86"/>
      </Position>
      <Position>
        <Filename Value="src/xypdriver.pas"/>
        <Caret Line="736" Column="22" TopLine="711"/>
      </Position>
      <Position>
        <Filename Value="src/xypdriver.pas"/>
        <Caret Line="630" Column="3" TopLine="611"/>
      </Position>
      <Position>
        <Filename Value="src/xypdriver.pas"/>
        <Caret Line="85" Column="5" TopLine="67"/>
      </Position>
      <Position>
        <Filename Value="src/xypdriver.pas"/>
        <Caret Line="100" Column="35" TopLine="70"/>
      </Position>
      <Position>
        <Filename Value="src/xypdriver.pas"/>
        <Caret Line="630" Column="3" TopLine="612"/>
      </Position>
      <Position>
        <Filename Value="src/xypdriver.pas"/>
        <Caret Line="663" Column="11" TopLine="645"/>
      </Position>
      <Position>
        <Filename Value="src/xypdriver.pas"/>
        <Caret Line="736" Column="13" TopLine="719"/>
      </Position>
      <Position>
        <Filename Value="src/xypdriver.pas"/>
        <Caret Line="746" Column="27" TopLine="719"/>
      </Position>
      <Position>
        <Filename Value="src/xypdriver.pas"/>
        <Caret Line="726" Column="50" TopLine="713"/>
      </Position>
      <Position>
        <Filename Value="src/xypdriver.pas"/>
        <Caret Line="67" Column="19" TopLine="50"/>
      </Position>
      <Position>
        <Filename Value="src/xypdriver.pas"/>
        <Caret Line="67" Column="19" TopLine="51"/>
      </Position>
    </JumpHistory>
  </ProjectOptions>
  <CompilerOptions>
    <Version Value="11"/>
    <Target>
      <Filename Value="build/xyplot"/>
    </Target>
    <SearchPaths>
      <IncludeFiles Value="$(ProjOutDir);src"/>
      <OtherUnitFiles Value="src"/>
      <UnitOutputDirectory Value="build/lib"/>
    </SearchPaths>
    <Parsing>
      <SyntaxOptions>
        <CStyleOperator Value="False"/>
        <AllowLabel Value="False"/>
        <CPPInline Value="False"/>
        <UseAnsiStrings Value="False"/>
      </SyntaxOptions>
    </Parsing>
    <CodeGeneration>
      <Optimizations>
        <OptimizationLevel Value="4"/>
      </Optimizations>
      <SmallerCode Value="True"/>
    </CodeGeneration>
    <Linking>
      <Debugging>
        <GenerateDebugInfo Value="False"/>
        <DebugInfoType Value="dsDwarf2Set"/>
        <UseLineInfoUnit Value="False"/>
      </Debugging>
      <LinkSmart Value="True"/>
      <Options>
        <Win32>
          <GraphicApplication Value="True"/>
        </Win32>
      </Options>
    </Linking>
    <Other>
      <CustomOptions Value="-dETHERNET"/>
      <OtherDefines Count="1">
        <Define0 Value="ETHERNET"/>
      </OtherDefines>
    </Other>
  </CompilerOptions>
  <Debugging>
    <Watches>
      <Item>
        <Expression Value="adjindex"/>
        <DisplayStyle Value="wdfDecimal"/>
      </Item>
      <Item>
        <Expression Value="curr_v"/>
      </Item>
      <Item>
        <Expression Value="startnode"/>
      </Item>
      <Item>
        <Expression Value="next_v"/>
      </Item>
      <Item>
        <Expression Value="p[j]"/>
      </Item>
      <Item>
        <Expression Value="j"/>
      </Item>
      <Item>
        <Expression Value="curtoken.strvalue"/>
      </Item>
    </Watches>
    <Exceptions>
      <Item>
        <Name Value="EInvalidGraphic"/>
      </Item>
    </Exceptions>
  </Debugging>
</CONFIG>
