<?xml version="1.0" encoding="UTF-8"?>
<CONFIG>
  <ProjectOptions>
    <Version Value="12"/>
    <General>
      <AutoCreateForms Value="False"/>
      <Title Value="XY-Plot"/>
      <Scaled Value="True"/>
      <ResourceType Value="res"/>
      <UseXPManifest Value="True"/>
      <XPManifest>
        <DpiAware Value="True"/>
      </XPManifest>
      <Icon Value="0"/>
    </General>
    <BuildModes Active="Debug">
      <Item Name="Release" Default="True"/>
      <Item Name="Debug">
        <CompilerOptions>
          <Version Value="11"/>
          <Target>
            <Filename Value="build/xyplotdbg"/>
          </Target>
          <SearchPaths>
            <IncludeFiles Value="$(ProjOutDir);src"/>
            <OtherUnitFiles Value="src"/>
            <UnitOutputDirectory Value="build/lib"/>
          </SearchPaths>
          <Parsing>
            <SyntaxOptions>
              <CStyleOperator Value="False"/>
              <AllowLabel Value="False"/>
              <CPPInline Value="False"/>
              <UseAnsiStrings Value="False"/>
            </SyntaxOptions>
          </Parsing>
          <CodeGeneration>
            <Optimizations>
              <OptimizationLevel Value="0"/>
            </Optimizations>
          </CodeGeneration>
          <Linking>
            <Debugging>
              <DebugInfoType Value="dsDwarf2Set"/>
              <UseHeaptrc Value="True"/>
            </Debugging>
          </Linking>
        </CompilerOptions>
      </Item>
    </BuildModes>
    <ManyBuildModesSelection Value="Release,Debug"/>
    <PublishOptions>
      <Version Value="2"/>
    </PublishOptions>
    <RunParams>
      <FormatVersion Value="2"/>
      <Modes>
        <Mode Name="default"/>
      </Modes>
    </RunParams>
    <RequiredPackages>
      <Item>
        <PackageName Value="lnetbase"/>
      </Item>
      <Item>
        <PackageName Value="lnetvisual"/>
      </Item>
      <Item>
        <PackageName Value="LazControls"/>
      </Item>
      <Item>
        <PackageName Value="bgracontrols"/>
      </Item>
      <Item>
        <PackageName Value="BGRABitmapPack"/>
      </Item>
      <Item>
        <PackageName Value="LCL"/>
      </Item>
    </RequiredPackages>
    <Units>
      <Unit>
        <Filename Value="xyplot.pas"/>
        <IsPartOfProject Value="True"/>
        <CursorPos X="19" Y="6"/>
        <UsageCount Value="200"/>
        <Loaded Value="True"/>
      </Unit>
      <Unit>
        <Filename Value="src/propertiesfrm.pas"/>
        <ComponentName Value="propertiesform"/>
        <HasResources Value="True"/>
        <ResourceBaseClass Value="Form"/>
        <EditorIndex Value="-1"/>
        <TopLine Value="11"/>
        <CursorPos X="64" Y="20"/>
        <UsageCount Value="125"/>
      </Unit>
      <Unit>
        <Filename Value="src/vpcoder.pas"/>
        <EditorIndex Value="-1"/>
        <CursorPos X="6" Y="24"/>
        <UsageCount Value="69"/>
      </Unit>
      <Unit>
        <Filename Value="../fpc/source/rtl/inc/mathh.inc"/>
        <EditorIndex Value="-1"/>
        <TopLine Value="72"/>
        <CursorPos X="14" Y="98"/>
        <UsageCount Value="9"/>
      </Unit>
      <Unit>
        <Filename Value="../../lazarus/lcl/controls.pp"/>
        <UnitName Value="Controls"/>
        <EditorIndex Value="-1"/>
        <TopLine Value="2300"/>
        <CursorPos X="14" Y="2321"/>
        <UsageCount Value="9"/>
      </Unit>
      <Unit>
        <Filename Value="../../fpc/source/packages/fcl-image/src/fpcanvas.pp"/>
        <UnitName Value="FPCanvas"/>
        <EditorIndex Value="-1"/>
        <TopLine Value="327"/>
        <CursorPos X="15" Y="347"/>
        <UsageCount Value="9"/>
      </Unit>
      <Unit>
        <Filename Value="../../lazarus/lcl/extctrls.pp"/>
        <UnitName Value="ExtCtrls"/>
        <EditorIndex Value="-1"/>
        <TopLine Value="429"/>
        <CursorPos X="14" Y="447"/>
        <UsageCount Value="9"/>
      </Unit>
      <Unit>
        <Filename Value="build/arm-linux/lib/main.lrs"/>
        <EditorIndex Value="-1"/>
        <UsageCount Value="9"/>
      </Unit>
      <Unit>
        <Filename Value="src/gcodewriter.pas"/>
        <EditorIndex Value="-1"/>
        <FoldState Value=" T0jK624c"/>
        <UsageCount Value="11"/>
      </Unit>
      <Unit>
        <Filename Value="src/xypdriver.pas"/>
        <IsPartOfProject Value="True"/>
        <EditorIndex Value="2"/>
        <CursorPos X="21" Y="4"/>
        <UsageCount Value="200"/>
        <Loaded Value="True"/>
      </Unit>
      <Unit>
        <Filename Value="src/xypsetting.pas"/>
        <IsPartOfProject Value="True"/>
        <EditorIndex Value="-1"/>
        <TopLine Value="99"/>
        <CursorPos X="71" Y="112"/>
        <UsageCount Value="200"/>
      </Unit>
      <Unit>
        <Filename Value="../lazarus/components/fpvectorial/dxfvectorialreader.pas"/>
        <EditorIndex Value="-1"/>
        <TopLine Value="1146"/>
        <CursorPos Y="1191"/>
        <UsageCount Value="9"/>
      </Unit>
      <Unit>
        <Filename Value="src/viewfrm.pas"/>
        <ComponentName Value="viewform"/>
        <HasResources Value="True"/>
        <ResourceBaseClass Value="Form"/>
        <EditorIndex Value="-1"/>
        <TopLine Value="17"/>
        <CursorPos X="37" Y="23"/>
        <UsageCount Value="5"/>
      </Unit>
      <Unit>
        <Filename Value="src/xyppaths.pas"/>
        <IsPartOfProject Value="True"/>
        <EditorIndex Value="5"/>
        <CursorPos X="48" Y="5"/>
        <UsageCount Value="200"/>
        <Loaded Value="True"/>
      </Unit>
      <Unit>
        <Filename Value="src/aboutfrm.pas"/>
        <IsPartOfProject Value="True"/>
        <ComponentName Value="taboutform"/>
        <HasResources Value="True"/>
        <ResourceBaseClass Value="Form"/>
        <IsVisibleTab Value="True"/>
        <EditorIndex Value="11"/>
        <CursorPos X="93" Y="13"/>
        <UsageCount Value="200"/>
        <Loaded Value="True"/>
        <LoadedDesigner Value="True"/>
      </Unit>
      <Unit>
        <Filename Value="src/vpsketch.pas"/>
        <EditorIndex Value="-1"/>
        <CursorPos X="45" Y="6"/>
        <UsageCount Value="69"/>
      </Unit>
      <Unit>
        <Filename Value="src/xypmath.pas"/>
        <IsPartOfProject Value="True"/>
        <EditorIndex Value="9"/>
        <CursorPos X="21" Y="4"/>
        <UsageCount Value="200"/>
        <Loaded Value="True"/>
      </Unit>
      <Unit>
        <Filename Value="src/pltwave.pas"/>
        <EditorIndex Value="-1"/>
        <CursorPos X="28" Y="164"/>
        <UsageCount Value="136"/>
      </Unit>
      <Unit>
        <Filename Value="../lazarus/lcl/graphics.pp"/>
        <UnitName Value="Graphics"/>
        <EditorIndex Value="-1"/>
        <TopLine Value="103"/>
        <CursorPos X="5" Y="130"/>
        <UsageCount Value="5"/>
      </Unit>
      <Unit>
        <Filename Value="../fpc/source/rtl/objpas/sysutils/sysstrh.inc"/>
        <EditorIndex Value="-1"/>
        <TopLine Value="90"/>
        <CursorPos X="10" Y="114"/>
        <UsageCount Value="9"/>
      </Unit>
      <Unit>
        <Filename Value="../lazarus/components/aggpas/src/agg_curves.pas"/>
        <EditorIndex Value="-1"/>
        <TopLine Value="31"/>
        <CursorPos X="23" Y="2"/>
        <UsageCount Value="9"/>
      </Unit>
      <Unit>
        <Filename Value="src/vpgcode.pas"/>
        <EditorIndex Value="-1"/>
        <TopLine Value="25"/>
        <CursorPos X="26" Y="4"/>
        <UsageCount Value="5"/>
      </Unit>
      <Unit>
        <Filename Value="src/pltdxfreader.pas"/>
        <EditorIndex Value="-1"/>
        <TopLine Value="617"/>
        <CursorPos X="14" Y="655"/>
        <UsageCount Value="168"/>
      </Unit>
      <Unit>
        <Filename Value="src/sketchyimage.pas"/>
        <EditorIndex Value="-1"/>
        <TopLine Value="241"/>
        <CursorPos X="62" Y="258"/>
        <UsageCount Value="7"/>
      </Unit>
      <Unit>
        <Filename Value="src/calibrationfrm.pas"/>
        <ComponentName Value="calibrationform"/>
        <HasResources Value="True"/>
        <ResourceBaseClass Value="Form"/>
        <EditorIndex Value="-1"/>
        <TopLine Value="4"/>
        <CursorPos Y="67"/>
        <UsageCount Value="32"/>
      </Unit>
      <Unit>
        <Filename Value="src/scalefrm.pas"/>
        <ComponentName Value="scaleform"/>
        <HasResources Value="True"/>
        <ResourceBaseClass Value="Form"/>
        <EditorIndex Value="-1"/>
        <CursorPos X="26" Y="4"/>
        <UsageCount Value="37"/>
      </Unit>
      <Unit>
        <Filename Value="src/offsetfrm.pas"/>
        <ComponentName Value="offsetform"/>
        <HasResources Value="True"/>
        <ResourceBaseClass Value="Form"/>
        <EditorIndex Value="-1"/>
        <CursorPos X="37" Y="30"/>
        <UsageCount Value="36"/>
      </Unit>
      <Unit>
        <Filename Value="src/aboutfrm.lfm"/>
        <EditorIndex Value="-1"/>
        <CursorPos X="32" Y="10"/>
        <UsageCount Value="9"/>
        <DefaultSyntaxHighlighter Value="LFM"/>
      </Unit>
      <Unit>
        <Filename Value="src/xypsvgreader.pas"/>
        <IsPartOfProject Value="True"/>
        <EditorIndex Value="-1"/>
        <TopLine Value="76"/>
        <CursorPos X="47" Y="71"/>
        <UsageCount Value="200"/>
      </Unit>
      <Unit>
        <Filename Value="src/vpdriverthread.pas"/>
        <EditorIndex Value="-1"/>
        <TopLine Value="9"/>
        <CursorPos Y="35"/>
        <UsageCount Value="10"/>
      </Unit>
      <Unit>
        <Filename Value="src/vpsrvsetting.pas"/>
        <EditorIndex Value="-1"/>
        <TopLine Value="12"/>
        <CursorPos Y="51"/>
        <UsageCount Value="9"/>
      </Unit>
      <Unit>
        <Filename Value="src/importfrm.pas"/>
        <ComponentName Value="importform"/>
        <HasResources Value="True"/>
        <ResourceBaseClass Value="Form"/>
        <EditorIndex Value="-1"/>
        <CursorPos X="18" Y="5"/>
        <ComponentState Value="1"/>
        <UsageCount Value="162"/>
      </Unit>
      <Unit>
        <Filename Value="src/xypsketcher.pas"/>
        <EditorIndex Value="-1"/>
        <UsageCount Value="95"/>
      </Unit>
      <Unit>
        <Filename Value="src/mainfrm.pas"/>
        <IsPartOfProject Value="True"/>
        <ComponentName Value="tmainform"/>
        <HasResources Value="True"/>
        <ResourceBaseClass Value="Form"/>
        <EditorIndex Value="1"/>
        <CursorPos X="13" Y="6"/>
        <UsageCount Value="200"/>
        <Loaded Value="True"/>
        <LoadedDesigner Value="True"/>
      </Unit>
      <Unit>
        <Filename Value="src/layoutfrm.pas"/>
        <ComponentName Value="layoutform"/>
        <HasResources Value="True"/>
        <ResourceBaseClass Value="Form"/>
        <EditorIndex Value="-1"/>
        <TopLine Value="11"/>
        <CursorPos X="56" Y="16"/>
        <UsageCount Value="27"/>
      </Unit>
      <Unit>
        <Filename Value="FPC/3.0.4/source/rtl/inc/typshrdh.inc"/>
        <EditorIndex Value="-1"/>
        <TopLine Value="129"/>
        <CursorPos X="19" Y="158"/>
        <UsageCount Value="9"/>
      </Unit>
      <Unit>
        <Filename Value="src/vpsetup.pas"/>
        <EditorIndex Value="-1"/>
        <CursorPos Y="31"/>
        <UsageCount Value="2"/>
      </Unit>
      <Unit>
        <Filename Value="src/xypserial.pas"/>
        <EditorIndex Value="-1"/>
        <TopLine Value="68"/>
        <CursorPos X="53" Y="206"/>
        <UsageCount Value="89"/>
      </Unit>
      <Unit>
        <Filename Value="usr/share/fpcsrc/3.0.4/packages/rtl-extra/src/unix/serial.pp"/>
        <UnitName Value="Serial"/>
        <EditorIndex Value="-1"/>
        <CursorPos X="42" Y="10"/>
        <UsageCount Value="9"/>
      </Unit>
      <Unit>
        <Filename Value="src/xyputils.pas"/>
        <IsPartOfProject Value="True"/>
        <EditorIndex Value="10"/>
        <CursorPos X="5" Y="5"/>
        <UsageCount Value="200"/>
        <Loaded Value="True"/>
      </Unit>
      <Unit>
        <Filename Value="/FPC/3.0.4/source/rtl/objpas/classes/classesh.inc"/>
        <EditorIndex Value="-1"/>
        <TopLine Value="948"/>
        <CursorPos X="14" Y="968"/>
        <UsageCount Value="9"/>
      </Unit>
      <Unit>
        <Filename Value="/usr/share/fpcsrc/3.0.4/rtl/objpas/classes/classes.inc"/>
        <EditorIndex Value="-1"/>
        <TopLine Value="600"/>
        <CursorPos X="3" Y="602"/>
        <UsageCount Value="2"/>
      </Unit>
      <Unit>
        <Filename Value="/usr/share/fpcsrc/3.0.4/rtl/objpas/sysutils/osutilsh.inc"/>
        <EditorIndex Value="-1"/>
        <CursorPos X="16" Y="30"/>
        <UsageCount Value="2"/>
      </Unit>
      <Unit>
        <Filename Value="/usr/share/fpcsrc/3.0.4/rtl/unix/sysutils.pp"/>
        <EditorIndex Value="-1"/>
        <TopLine Value="1435"/>
        <CursorPos X="140" Y="1467"/>
        <UsageCount Value="2"/>
      </Unit>
      <Unit>
        <Filename Value="src/reportfrm.pas"/>
        <ComponentName Value="reportform"/>
        <HasResources Value="True"/>
        <ResourceBaseClass Value="Form"/>
        <EditorIndex Value="-1"/>
        <CursorPos X="35" Y="3"/>
        <UsageCount Value="76"/>
      </Unit>
      <Unit>
        <Filename Value="src/checkfrm.pas"/>
        <ComponentName Value="checkform"/>
        <HasResources Value="True"/>
        <ResourceBaseClass Value="Form"/>
        <EditorIndex Value="-1"/>
        <TopLine Value="80"/>
        <CursorPos X="63" Y="99"/>
        <UsageCount Value="26"/>
      </Unit>
      <Unit>
        <Filename Value="src/settingfrm.pas"/>
        <ComponentName Value="settingform"/>
        <HasResources Value="True"/>
        <ResourceBaseClass Value="Form"/>
        <EditorIndex Value="-1"/>
        <TopLine Value="10"/>
        <CursorPos X="17" Y="14"/>
        <UsageCount Value="153"/>
      </Unit>
      <Unit>
        <Filename Value="../../../../FPC/3.0.4/source/packages/rtl-extra/src/win/serial.pp"/>
        <UnitName Value="Serial"/>
        <EditorIndex Value="-1"/>
        <TopLine Value="44"/>
        <CursorPos X="10" Y="63"/>
        <UsageCount Value="9"/>
      </Unit>
      <Unit>
        <Filename Value="src/vpoptimizer.pas"/>
        <EditorIndex Value="-1"/>
        <TopLine Value="303"/>
        <CursorPos X="56" Y="458"/>
        <FoldState Value=" T3k5073741221F"/>
        <UsageCount Value="4"/>
      </Unit>
      <Unit>
        <Filename Value="../../../AppData/Local/lazarus/onlinepackagemanager/packages/bgrabitmap-master/bgrabitmap/bgrapath.pas"/>
        <UnitName Value="BGRAPath"/>
        <EditorIndex Value="-1"/>
        <TopLine Value="213"/>
        <CursorPos X="15" Y="232"/>
        <UsageCount Value="4"/>
      </Unit>
      <Unit>
        <Filename Value="../../../AppData/Local/lazarus/onlinepackagemanager/packages/bgrabitmap-master/bgrabitmap/geometrytypes.inc"/>
        <EditorIndex Value="-1"/>
        <CursorPos X="3" Y="19"/>
        <UsageCount Value="4"/>
      </Unit>
      <Unit>
        <Filename Value="../../../../FPC/3.0.4/source/rtl/objpas/fgl.pp"/>
        <EditorIndex Value="-1"/>
        <TopLine Value="95"/>
        <CursorPos X="11" Y="114"/>
        <UsageCount Value="2"/>
      </Unit>
      <Unit>
        <Filename Value="src/xyppathoptimizer.pas"/>
        <EditorIndex Value="3"/>
        <CursorPos X="44" Y="2"/>
        <UsageCount Value="95"/>
        <Loaded Value="True"/>
      </Unit>
      <Unit>
        <Filename Value="../../../AppData/Local/lazarus/onlinepackagemanager/packages/bgrabitmap-master/bgrabitmap/bgrapixel.inc"/>
        <EditorIndex Value="-1"/>
        <TopLine Value="151"/>
        <CursorPos X="10" Y="174"/>
        <UsageCount Value="4"/>
      </Unit>
      <Unit>
        <Filename Value="src/xypdebug.pas"/>
        <EditorIndex Value="-1"/>
        <TopLine Value="19"/>
        <CursorPos X="3" Y="37"/>
        <UsageCount Value="156"/>
      </Unit>
      <Unit>
        <Filename Value="src/debugfrm.pas"/>
        <ComponentName Value="debugform"/>
        <HasResources Value="True"/>
        <ResourceBaseClass Value="Form"/>
        <EditorIndex Value="-1"/>
        <TopLine Value="11"/>
        <CursorPos X="15" Y="18"/>
        <UsageCount Value="154"/>
      </Unit>
      <Unit>
        <Filename Value="../../../Documenti/github/lazarus/lcl/dialogs.pp"/>
        <UnitName Value="Dialogs"/>
        <EditorIndex Value="-1"/>
        <TopLine Value="680"/>
        <CursorPos X="20" Y="699"/>
        <UsageCount Value="2"/>
      </Unit>
      <Unit>
        <Filename Value="src/xypecpathoptimizer.pas"/>
        <EditorIndex Value="4"/>
        <CursorPos X="35" Y="5"/>
        <UsageCount Value="100"/>
        <Loaded Value="True"/>
      </Unit>
      <Unit>
        <Filename Value="../../../../FPC/3.0.4/source/rtl/win32/system.pp"/>
        <UnitName Value="System"/>
        <EditorIndex Value="-1"/>
        <CursorPos Y="16"/>
        <UsageCount Value="2"/>
      </Unit>
      <Unit>
        <Filename Value="../../../../FPC/3.0.4/source/packages/fcl-image/src/fpimage.pp"/>
        <UnitName Value="FPimage"/>
        <EditorIndex Value="-1"/>
        <TopLine Value="94"/>
        <CursorPos X="54" Y="105"/>
        <UsageCount Value="2"/>
      </Unit>
      <Unit>
        <Filename Value="../../../AppData/Local/lazarus/onlinepackagemanager/packages/bgrabitmap-master/bgrabitmap/bgrasvg.pas"/>
        <UnitName Value="BGRASVG"/>
        <EditorIndex Value="-1"/>
        <TopLine Value="148"/>
        <CursorPos X="14" Y="170"/>
        <UsageCount Value="5"/>
      </Unit>
      <Unit>
        <Filename Value="../../../AppData/Local/lazarus/onlinepackagemanager/packages/bgrabitmap-master/bgrabitmap/bgrasvgtype.pas"/>
        <UnitName Value="BGRASVGType"/>
        <EditorIndex Value="-1"/>
        <TopLine Value="1918"/>
        <CursorPos X="3" Y="1921"/>
        <UsageCount Value="4"/>
      </Unit>
      <Unit>
        <Filename Value="../../../../FPC/3.2.0/source/rtl/objpas/fgl.pp"/>
        <EditorIndex Value="-1"/>
        <TopLine Value="156"/>
        <CursorPos X="11" Y="122"/>
        <UsageCount Value="4"/>
      </Unit>
      <Unit>
        <Filename Value="../../../AppData/Local/lazarus/onlinepackagemanager/packages/bgrabitmap-master/bgrabitmap/bgraclasses.pas"/>
        <UnitName Value="BGRAClasses"/>
        <EditorIndex Value="-1"/>
        <TopLine Value="34"/>
        <CursorPos X="3" Y="52"/>
        <UsageCount Value="4"/>
      </Unit>
      <Unit>
        <Filename Value="../../../../FPC/3.2.0/source/rtl/objpas/types.pp"/>
        <UnitName Value="Types"/>
        <EditorIndex Value="-1"/>
        <TopLine Value="98"/>
        <CursorPos X="3" Y="107"/>
        <UsageCount Value="4"/>
      </Unit>
      <Unit>
        <Filename Value="src/xypdxfreader.pas"/>
        <IsPartOfProject Value="True"/>
        <EditorIndex Value="-1"/>
        <TopLine Value="663"/>
        <CursorPos X="46" Y="1083"/>
        <UsageCount Value="207"/>
      </Unit>
      <Unit>
        <Filename Value="../../../AppData/Local/lazarus/onlinepackagemanager/packages/bgrabitmap-master/bgrabitmap/bgrabitmap.pas"/>
        <UnitName Value="BGRABitmap"/>
        <EditorIndex Value="-1"/>
        <TopLine Value="81"/>
        <CursorPos X="9" Y="92"/>
        <UsageCount Value="4"/>
      </Unit>
      <Unit>
        <Filename Value="../../../AppData/Local/lazarus/onlinepackagemanager/packages/bgrabitmap-master/bgrabitmap/bgrawinbitmap.pas"/>
        <UnitName Value="BGRAWinBitmap"/>
        <EditorIndex Value="-1"/>
        <TopLine Value="38"/>
        <CursorPos X="3" Y="36"/>
        <UsageCount Value="4"/>
      </Unit>
      <Unit>
        <Filename Value="../../../AppData/Local/lazarus/onlinepackagemanager/packages/bgrabitmap-master/bgrabitmap/unibitmap.inc"/>
        <EditorIndex Value="-1"/>
        <TopLine Value="447"/>
        <CursorPos X="14" Y="468"/>
        <UsageCount Value="4"/>
      </Unit>
      <Unit>
        <Filename Value="src/xypfill.pas"/>
        <EditorIndex Value="-1"/>
        <CursorPos X="40" Y="3"/>
        <UsageCount Value="155"/>
      </Unit>
      <Unit>
        <Filename Value="src/xypfiller.pas"/>
        <EditorIndex Value="-1"/>
        <CursorPos X="39" Y="30"/>
        <UsageCount Value="6"/>
      </Unit>
      <Unit>
        <Filename Value="../../../../FPC/3.2.0/source/packages/fcl-image/src/fpimage.pp"/>
        <UnitName Value="FPImage"/>
        <EditorIndex Value="-1"/>
        <TopLine Value="584"/>
        <CursorPos X="20" Y="34"/>
        <UsageCount Value="4"/>
      </Unit>
      <Unit>
        <Filename Value="../../../AppData/Local/lazarus/onlinepackagemanager/packages/bgrabitmap-master/bgrabitmap/bgracustombitmap.inc"/>
        <EditorIndex Value="-1"/>
        <TopLine Value="58"/>
        <CursorPos X="15" Y="78"/>
        <UsageCount Value="4"/>
      </Unit>
      <Unit>
        <Filename Value="../../../AppData/Local/lazarus/onlinepackagemanager/packages/bgrabitmap-master/bgrabitmap/bgraunits.pas"/>
        <UnitName Value="BGRAUnits"/>
        <EditorIndex Value="-1"/>
        <CursorPos X="3" Y="19"/>
        <UsageCount Value="4"/>
      </Unit>
      <Unit>
        <Filename Value="../../../AppData/Local/lazarus/onlinepackagemanager/packages/bgrabitmap-master/bgrabitmap/bgravectorize.pas"/>
        <UnitName Value="BGRAVectorize"/>
        <EditorIndex Value="-1"/>
        <TopLine Value="9"/>
        <CursorPos X="10" Y="30"/>
        <UsageCount Value="5"/>
      </Unit>
      <Unit>
        <Filename Value="../../../AppData/Local/lazarus/onlinepackagemanager/packages/bgrabitmap-master/bgrabitmap/csscolorconst.inc"/>
        <EditorIndex Value="-1"/>
        <CursorPos X="42" Y="15"/>
        <UsageCount Value="4"/>
      </Unit>
      <Unit>
        <Filename Value="../../../../FPC/3.2.0/source/packages/fcl-base/examples/threads.pp"/>
        <UnitName Value="testthreads"/>
        <EditorIndex Value="-1"/>
        <CursorPos X="31" Y="5"/>
        <UsageCount Value="4"/>
      </Unit>
      <Unit>
        <Filename Value="../../../../FPC/3.2.0/source/rtl/win/tthread.inc"/>
        <EditorIndex Value="-1"/>
        <TopLine Value="90"/>
        <CursorPos X="12" Y="96"/>
        <UsageCount Value="5"/>
      </Unit>
      <Unit>
        <Filename Value="../lazarus/lcl/xmlpropstorage.pas"/>
        <UnitName Value="XMLPropStorage"/>
        <EditorIndex Value="-1"/>
        <TopLine Value="123"/>
        <CursorPos X="25" Y="126"/>
        <UsageCount Value="5"/>
      </Unit>
      <Unit>
        <Filename Value="src/xypethernetstream.pas"/>
        <EditorIndex Value="-1"/>
        <TopLine Value="13"/>
        <CursorPos X="14" Y="34"/>
        <UsageCount Value="168"/>
      </Unit>
      <Unit>
        <Filename Value="../../../../FPC/3.2.0/source/rtl/objpas/sysutils/osutilsh.inc"/>
        <EditorIndex Value="-1"/>
        <TopLine Value="25"/>
        <CursorPos X="10" Y="44"/>
        <UsageCount Value="5"/>
      </Unit>
      <Unit>
        <Filename Value="../lazarus/lcl/customtimer.pas"/>
        <UnitName Value="CustomTimer"/>
        <EditorIndex Value="-1"/>
        <TopLine Value="138"/>
        <CursorPos Y="153"/>
        <UsageCount Value="2"/>
      </Unit>
      <Unit>
        <Filename Value="../../AppData/Local/lazarus/onlinepackagemanager/packages/lnet/lib/lnet.pp"/>
        <UnitName Value="lNet"/>
        <EditorIndex Value="-1"/>
        <TopLine Value="708"/>
        <CursorPos X="3" Y="746"/>
        <UsageCount Value="2"/>
      </Unit>
      <Unit>
        <Filename Value="../../../../FPC/3.2.0/source/packages/rtl-extra/src/inc/socketsh.inc"/>
        <EditorIndex Value="-1"/>
        <TopLine Value="64"/>
        <CursorPos X="11" Y="159"/>
        <UsageCount Value="2"/>
      </Unit>
      <Unit>
        <Filename Value="../../AppData/Local/lazarus/onlinepackagemanager/packages/lnet/lazaruspackage/lnetcomponents.pas"/>
        <UnitName Value="lNetComponents"/>
        <EditorIndex Value="-1"/>
        <TopLine Value="78"/>
        <CursorPos X="3" Y="39"/>
        <UsageCount Value="2"/>
      </Unit>
      <Unit>
        <Filename Value="../../../../FPC/3.2.0/source/rtl/objpas/sysutils/sysstrh.inc"/>
        <EditorIndex Value="-1"/>
        <TopLine Value="68"/>
        <CursorPos X="10" Y="82"/>
        <UsageCount Value="4"/>
      </Unit>
      <Unit>
        <Filename Value="../../../AppData/Local/lazarus/onlinepackagemanager/packages/lnet/lib/lnet.pp"/>
        <UnitName Value="lNet"/>
        <EditorIndex Value="-1"/>
        <TopLine Value="364"/>
        <CursorPos Y="391"/>
        <UsageCount Value="9"/>
      </Unit>
      <Unit>
        <Filename Value="../../../../FPC/3.2.0/source/rtl/objpas/objpas.pp"/>
        <EditorIndex Value="-1"/>
        <CursorPos X="8" Y="33"/>
        <UsageCount Value="9"/>
      </Unit>
      <Unit>
        <Filename Value="../../../../FPC/3.2.2/source/rtl/objpas/classes/classesh.inc"/>
        <EditorIndex Value="-1"/>
        <TopLine Value="1667"/>
        <CursorPos X="3" Y="1687"/>
        <UsageCount Value="5"/>
      </Unit>
      <Unit>
        <Filename Value="../../../../FPC/3.2.2/source/rtl/objpas/fgl.pp"/>
        <EditorIndex Value="-1"/>
        <TopLine Value="983"/>
        <CursorPos X="36" Y="991"/>
        <UsageCount Value="9"/>
      </Unit>
      <Unit>
        <Filename Value="../../../../FPC/3.2.2/source/rtl/win/tthread.inc"/>
        <EditorIndex Value="-1"/>
        <TopLine Value="87"/>
        <CursorPos X="3" Y="97"/>
        <UsageCount Value="2"/>
      </Unit>
      <Unit>
        <Filename Value="../../../../FPC/3.2.2/source/rtl/objpas/classes/classes.inc"/>
        <EditorIndex Value="-1"/>
        <TopLine Value="1020"/>
        <CursorPos X="10" Y="1039"/>
        <UsageCount Value="2"/>
      </Unit>
      <Unit>
        <Filename Value="../../../../FPC/3.2.2/source/rtl/inc/systemh.inc"/>
        <EditorIndex Value="-1"/>
        <TopLine Value="1612"/>
        <UsageCount Value="2"/>
      </Unit>
      <Unit>
        <Filename Value="../../../../FPC/3.2.2/source/packages/rtl-objpas/src/inc/dateutil.inc"/>
        <EditorIndex Value="-1"/>
        <TopLine Value="1332"/>
        <CursorPos X="27" Y="1351"/>
        <UsageCount Value="2"/>
      </Unit>
      <Unit>
        <Filename Value="../../../../FPC/3.2.2/source/rtl/inc/mathh.inc"/>
        <EditorIndex Value="-1"/>
        <TopLine Value="87"/>
        <CursorPos X="14" Y="106"/>
        <UsageCount Value="2"/>
      </Unit>
      <Unit>
        <Filename Value="src/xypgeneticalgorithm.pas"/>
        <EditorIndex Value="6"/>
        <CursorPos X="47" Y="2"/>
        <UsageCount Value="100"/>
        <Loaded Value="True"/>
      </Unit>
      <Unit>
        <Filename Value="../../../../FPC/3.2.2/source/rtl/inc/objpash.inc"/>
        <EditorIndex Value="-1"/>
        <TopLine Value="187"/>
        <CursorPos X="23" Y="206"/>
        <UsageCount Value="4"/>
      </Unit>
      <Unit>
        <Filename Value="src/xypsimulatedannealing.pas"/>
        <IsPartOfProject Value="True"/>
        <EditorIndex Value="7"/>
        <CursorPos X="59" Y="2"/>
        <UsageCount Value="200"/>
        <Loaded Value="True"/>
      </Unit>
      <Unit>
        <Filename Value="src/xypnodes.pas"/>
        <IsPartOfProject Value="True"/>
        <EditorIndex Value="8"/>
        <CursorPos X="36" Y="2"/>
        <UsageCount Value="200"/>
        <Loaded Value="True"/>
      </Unit>
      <Unit>
        <Filename Value="../../../../FPC/3.2.2/source/rtl/win/wininc/func.inc"/>
        <EditorIndex Value="-1"/>
        <TopLine Value="375"/>
        <CursorPos X="11" Y="394"/>
        <UsageCount Value="2"/>
      </Unit>
      <Unit>
        <Filename Value="../../../../FPC/3.2.2/source/rtl/win32/system.pp"/>
        <UnitName Value="System"/>
        <EditorIndex Value="-1"/>
        <TopLine Value="34"/>
        <CursorPos Y="16"/>
        <UsageCount Value="2"/>
      </Unit>
      <Unit>
        <Filename Value="../../../../FPC/3.2.2/source/rtl/inc/dynarrh.inc"/>
        <EditorIndex Value="-1"/>
        <TopLine Value="8"/>
        <CursorPos X="31" Y="34"/>
        <UsageCount Value="2"/>
      </Unit>
      <Unit>
        <Filename Value="../../Documents/GitHub/lazarus/components/lazutils/avglvltree.pas"/>
        <UnitName Value="AvgLvlTree"/>
        <EditorIndex Value="-1"/>
        <TopLine Value="981"/>
        <CursorPos X="47" Y="1002"/>
        <UsageCount Value="5"/>
      </Unit>
      <Unit>
        <Filename Value="../../Documents/GitHub/lazarus/components/lazutils/laz_avl_tree.pp"/>
        <UnitName Value="Laz_AVL_Tree"/>
        <EditorIndex Value="-1"/>
        <TopLine Value="125"/>
        <CursorPos X="3" Y="84"/>
        <UsageCount Value="4"/>
      </Unit>
      <Unit>
        <Filename Value="src/xyptrash.pas"/>
        <IsPartOfProject Value="True"/>
        <EditorIndex Value="-1"/>
        <TopLine Value="416"/>
        <CursorPos X="48" Y="239"/>
        <UsageCount Value="98"/>
      </Unit>
    </Units>
    <JumpHistory HistoryIndex="29">
      <Position>
        <Filename Value="src/xypecpathoptimizer.pas"/>
        <Caret Line="525" Column="18" TopLine="508"/>
      </Position>
      <Position>
        <Filename Value="src/xypecpathoptimizer.pas"/>
        <Caret Line="524" Column="16" TopLine="508"/>
      </Position>
      <Position>
        <Filename Value="src/xypecpathoptimizer.pas"/>
        <Caret Line="515" Column="31" TopLine="505"/>
      </Position>
      <Position>
        <Filename Value="src/xypecpathoptimizer.pas"/>
        <Caret Line="523" Column="22" TopLine="500"/>
      </Position>
      <Position>
        <Filename Value="src/xypecpathoptimizer.pas"/>
        <Caret Line="511" Column="46" TopLine="492"/>
      </Position>
      <Position>
        <Filename Value="src/xypecpathoptimizer.pas"/>
        <Caret Line="563" Column="35" TopLine="542"/>
      </Position>
      <Position>
        <Filename Value="src/xypecpathoptimizer.pas"/>
        <Caret Line="512" Column="24" TopLine="491"/>
      </Position>
      <Position>
        <Filename Value="src/xyppaths.pas"/>
        <Caret Line="182" Column="21" TopLine="168"/>
      </Position>
      <Position>
        <Filename Value="src/xyppaths.pas"/>
        <Caret Line="829" Column="27" TopLine="788"/>
      </Position>
      <Position>
        <Filename Value="src/xyppaths.pas"/>
        <Caret Line="824" TopLine="806"/>
      </Position>
      <Position>
        <Filename Value="src/xyppaths.pas"/>
        <Caret Line="182" Column="65" TopLine="165"/>
      </Position>
      <Position>
        <Filename Value="src/xypecpathoptimizer.pas"/>
        <Caret Line="64" Column="42" TopLine="48"/>
      </Position>
      <Position>
        <Filename Value="src/xypecpathoptimizer.pas"/>
        <Caret Line="506" Column="10" TopLine="487"/>
      </Position>
      <Position>
        <Filename Value="src/xypecpathoptimizer.pas"/>
        <Caret Line="69" Column="73" TopLine="50"/>
      </Position>
      <Position>
        <Filename Value="src/xypecpathoptimizer.pas"/>
        <Caret Line="502" Column="103" TopLine="483"/>
      </Position>
      <Position>
        <Filename Value="src/xypecpathoptimizer.pas"/>
        <Caret Line="522" Column="28" TopLine="492"/>
      </Position>
      <Position>
        <Filename Value="src/xypecpathoptimizer.pas"/>
        <Caret Line="505" Column="16" TopLine="487"/>
      </Position>
      <Position>
        <Filename Value="src/xypecpathoptimizer.pas"/>
        <Caret Line="508" Column="8" TopLine="489"/>
      </Position>
      <Position>
        <Filename Value="src/xypecpathoptimizer.pas"/>
        <Caret Line="521" Column="12" TopLine="493"/>
      </Position>
      <Position>
        <Filename Value="src/xypecpathoptimizer.pas"/>
        <Caret Line="519" Column="21" TopLine="500"/>
      </Position>
      <Position>
        <Filename Value="src/xypecpathoptimizer.pas"/>
        <Caret Line="537" Column="8" TopLine="518"/>
      </Position>
      <Position>
        <Filename Value="src/xypecpathoptimizer.pas"/>
        <Caret Line="601" Column="26" TopLine="573"/>
      </Position>
      <Position>
        <Filename Value="src/xypecpathoptimizer.pas"/>
        <Caret Line="598" Column="17" TopLine="586"/>
      </Position>
      <Position>
        <Filename Value="src/xypecpathoptimizer.pas"/>
        <Caret Line="616" Column="22" TopLine="589"/>
      </Position>
      <Position>
        <Filename Value="src/xypecpathoptimizer.pas"/>
        <Caret Line="616" Column="9" TopLine="592"/>
      </Position>
      <Position>
        <Filename Value="src/xypecpathoptimizer.pas"/>
        <Caret Line="620" Column="9" TopLine="594"/>
      </Position>
      <Position>
        <Filename Value="src/xypecpathoptimizer.pas"/>
        <Caret Line="611" Column="22" TopLine="592"/>
      </Position>
      <Position>
        <Filename Value="src/xypecpathoptimizer.pas"/>
        <Caret Line="622" Column="3" TopLine="594"/>
      </Position>
      <Position>
        <Filename Value="src/mainfrm.pas"/>
        <Caret Line="227" Column="39" TopLine="186"/>
      </Position>
      <Position>
        <Filename Value="src/mainfrm.pas"/>
        <Caret Line="29" Column="32" TopLine="24"/>
      </Position>
    </JumpHistory>
  </ProjectOptions>
  <CompilerOptions>
    <Version Value="11"/>
    <Target>
      <Filename Value="build/xyplot"/>
    </Target>
    <SearchPaths>
      <IncludeFiles Value="$(ProjOutDir);src"/>
      <OtherUnitFiles Value="src"/>
      <UnitOutputDirectory Value="build/lib"/>
    </SearchPaths>
    <Parsing>
      <SyntaxOptions>
        <CStyleOperator Value="False"/>
        <AllowLabel Value="False"/>
        <CPPInline Value="False"/>
        <UseAnsiStrings Value="False"/>
      </SyntaxOptions>
    </Parsing>
    <CodeGeneration>
      <Optimizations>
        <OptimizationLevel Value="4"/>
      </Optimizations>
      <SmallerCode Value="True"/>
    </CodeGeneration>
    <Linking>
      <Debugging>
        <GenerateDebugInfo Value="False"/>
        <DebugInfoType Value="dsDwarf2Set"/>
        <UseLineInfoUnit Value="False"/>
      </Debugging>
      <LinkSmart Value="True"/>
      <Options>
        <Win32>
          <GraphicApplication Value="True"/>
        </Win32>
      </Options>
    </Linking>
  </CompilerOptions>
  <Debugging>
    <Watches>
      <Item>
        <Expression Value="adjindex"/>
        <DisplayStyle Value="wdfDecimal"/>
      </Item>
      <Item>
        <Expression Value="curr_v"/>
      </Item>
      <Item>
        <Expression Value="startnode"/>
      </Item>
      <Item>
        <Expression Value="next_v"/>
      </Item>
      <Item>
        <Expression Value="p[j]"/>
      </Item>
      <Item>
        <Expression Value="j"/>
      </Item>
    </Watches>
    <Exceptions>
      <Item>
        <Name Value="EInvalidGraphic"/>
      </Item>
    </Exceptions>
  </Debugging>
</CONFIG>
